// !$*UTF8*$!
{
	archiveVersion = 1;
	classes = {
	};
	objectVersion = 56;
	objects = {

/* Begin PBXBuildFile section */
		041BA48A2CAD3A5E00C47A7D /* ExploreView.swift in Sources */ = {isa = PBXBuildFile; fileRef = 041BA4892CAD3A5E00C47A7D /* ExploreView.swift */; };
		041BA48C2CAD41BC00C47A7D /* SearchTextField.swift in Sources */ = {isa = PBXBuildFile; fileRef = 041BA48B2CAD41BC00C47A7D /* SearchTextField.swift */; };
		041BA48E2CAD42D600C47A7D /* SectionTitleAll.swift in Sources */ = {isa = PBXBuildFile; fileRef = 041BA48D2CAD42D600C47A7D /* SectionTitleAll.swift */; };
		041BA4902CAD439000C47A7D /* ProductCell.swift in Sources */ = {isa = PBXBuildFile; fileRef = 041BA48F2CAD439000C47A7D /* ProductCell.swift */; };
		041BA4932CAD43F200C47A7D /* SDWebImageSwiftUI in Frameworks */ = {isa = PBXBuildFile; productRef = 041BA4922CAD43F200C47A7D /* SDWebImageSwiftUI */; };
		041BA4952CAD445F00C47A7D /* ProductModel.swift in Sources */ = {isa = PBXBuildFile; fileRef = 041BA4942CAD445F00C47A7D /* ProductModel.swift */; };
		041BA4972CAD44C700C47A7D /* ProductDetailView.swift in Sources */ = {isa = PBXBuildFile; fileRef = 041BA4962CAD44C700C47A7D /* ProductDetailView.swift */; };
		041BA4992CAD452A00C47A7D /* ProductDetailViewModel.swift in Sources */ = {isa = PBXBuildFile; fileRef = 041BA4982CAD452A00C47A7D /* ProductDetailViewModel.swift */; };
		041BA49B2CAD456C00C47A7D /* NutritionModel.swift in Sources */ = {isa = PBXBuildFile; fileRef = 041BA49A2CAD456C00C47A7D /* NutritionModel.swift */; };
		041BA49D2CAD45D700C47A7D /* ImageModel.swift in Sources */ = {isa = PBXBuildFile; fileRef = 041BA49C2CAD45D700C47A7D /* ImageModel.swift */; };
		041BA49F2CAD46F100C47A7D /* CartViewModel.swift in Sources */ = {isa = PBXBuildFile; fileRef = 041BA49E2CAD46F100C47A7D /* CartViewModel.swift */; };
		041BA4A12CAD478E00C47A7D /* CartItemModel.swift in Sources */ = {isa = PBXBuildFile; fileRef = 041BA4A02CAD478D00C47A7D /* CartItemModel.swift */; };
		041BA4A32CAD498C00C47A7D /* TypeModel.swift in Sources */ = {isa = PBXBuildFile; fileRef = 041BA4A22CAD498C00C47A7D /* TypeModel.swift */; };
		041E99442CB5319600614161 /* CategoryCell.swift in Sources */ = {isa = PBXBuildFile; fileRef = 041E99432CB5319600614161 /* CategoryCell.swift */; };
		041E99472CB5364600614161 /* FavouriteView.swift in Sources */ = {isa = PBXBuildFile; fileRef = 041E99462CB5364600614161 /* FavouriteView.swift */; };
		041E99492CB5367C00614161 /* FavouriteViewModel.swift in Sources */ = {isa = PBXBuildFile; fileRef = 041E99482CB5367C00614161 /* FavouriteViewModel.swift */; };
		041E994B2CB536F100614161 /* FavouriteRow.swift in Sources */ = {isa = PBXBuildFile; fileRef = 041E994A2CB536F100614161 /* FavouriteRow.swift */; };
		044478332CAB8D5A00B85009 /* MainViewModel.swift in Sources */ = {isa = PBXBuildFile; fileRef = 044478322CAB8D5A00B85009 /* MainViewModel.swift */; };
		044478352CAB928C00B85009 /* LineTextField.swift in Sources */ = {isa = PBXBuildFile; fileRef = 044478342CAB928C00B85009 /* LineTextField.swift */; };
		044478372CABA47B00B85009 /* ServiceCall.swift in Sources */ = {isa = PBXBuildFile; fileRef = 044478362CABA47B00B85009 /* ServiceCall.swift */; };
		044478392CABB02100B85009 /* Globs.swift in Sources */ = {isa = PBXBuildFile; fileRef = 044478382CABB02100B85009 /* Globs.swift */; };
		0444783C2CABB55D00B85009 /* UIKitExtension.swift in Sources */ = {isa = PBXBuildFile; fileRef = 0444783B2CABB55D00B85009 /* UIKitExtension.swift */; };
		044C70C72CABDE8500CA470A /* SignupView.swift in Sources */ = {isa = PBXBuildFile; fileRef = 044C70C62CABDE8500CA470A /* SignupView.swift */; };
		044C70C92CABE72A00CA470A /* UserModel.swift in Sources */ = {isa = PBXBuildFile; fileRef = 044C70C82CABE72A00CA470A /* UserModel.swift */; };
		044C70CC2CABEA7000CA470A /* MainTabView.swift in Sources */ = {isa = PBXBuildFile; fileRef = 044C70CB2CABEA7000CA470A /* MainTabView.swift */; };
		044C70CE2CABF85F00CA470A /* HomeViewModel.swift in Sources */ = {isa = PBXBuildFile; fileRef = 044C70CD2CABF85F00CA470A /* HomeViewModel.swift */; };
		044C70D12CABFC9300CA470A /* HomeView.swift in Sources */ = {isa = PBXBuildFile; fileRef = 044C70D02CABFC9300CA470A /* HomeView.swift */; };
		044C70D32CABFD0000CA470A /* TabButton.swift in Sources */ = {isa = PBXBuildFile; fileRef = 044C70D22CABFD0000CA470A /* TabButton.swift */; };
		04535F992CC0E9F4004E6B31 /* PaymentMethodsView.swift in Sources */ = {isa = PBXBuildFile; fileRef = 04535F982CC0E9F4004E6B31 /* PaymentMethodsView.swift */; };
		04535F9B2CC0EA23004E6B31 /* PaymentViewModel.swift in Sources */ = {isa = PBXBuildFile; fileRef = 04535F9A2CC0EA23004E6B31 /* PaymentViewModel.swift */; };
		04535F9D2CC0EA6D004E6B31 /* AddPaymentMethodView.swift in Sources */ = {isa = PBXBuildFile; fileRef = 04535F9C2CC0EA6D004E6B31 /* AddPaymentMethodView.swift */; };
		04535F9F2CC0F553004E6B31 /* MyOrdersView.swift in Sources */ = {isa = PBXBuildFile; fileRef = 04535F9E2CC0F553004E6B31 /* MyOrdersView.swift */; };
		04535FA12CC0F592004E6B31 /* MyOrderModel.swift in Sources */ = {isa = PBXBuildFile; fileRef = 04535FA02CC0F592004E6B31 /* MyOrderModel.swift */; };
		04535FA32CC0F5C3004E6B31 /* MyOrdersViewModel.swift in Sources */ = {isa = PBXBuildFile; fileRef = 04535FA22CC0F5C3004E6B31 /* MyOrdersViewModel.swift */; };
		049D6C632CBE0B1800C12089 /* DeliveryAddressViewModel.swift in Sources */ = {isa = PBXBuildFile; fileRef = 049D6C622CBE0B1800C12089 /* DeliveryAddressViewModel.swift */; };
		049D6C652CBE0C5700C12089 /* AddDeliveryAddressView.swift in Sources */ = {isa = PBXBuildFile; fileRef = 049D6C642CBE0C5700C12089 /* AddDeliveryAddressView.swift */; };
		049D6C672CBE134C00C12089 /* PromoCodeViewModel.swift in Sources */ = {isa = PBXBuildFile; fileRef = 049D6C662CBE134C00C12089 /* PromoCodeViewModel.swift */; };
		049D6C692CBE142200C12089 /* PromoCodeView.swift in Sources */ = {isa = PBXBuildFile; fileRef = 049D6C682CBE142200C12089 /* PromoCodeView.swift */; };
		04C34E362CB68519000B0719 /* ExploreItemsView.swift in Sources */ = {isa = PBXBuildFile; fileRef = 04C34E352CB68519000B0719 /* ExploreItemsView.swift */; };
		04C34E382CB68555000B0719 /* ExploreCategoryModel.swift in Sources */ = {isa = PBXBuildFile; fileRef = 04C34E372CB68555000B0719 /* ExploreCategoryModel.swift */; };
		04C34E3A2CB68625000B0719 /* ExploreItemViewModel.swift in Sources */ = {isa = PBXBuildFile; fileRef = 04C34E392CB68625000B0719 /* ExploreItemViewModel.swift */; };
		04C34E3C2CB68787000B0719 /* ExploreViewModel.swift in Sources */ = {isa = PBXBuildFile; fileRef = 04C34E3B2CB68787000B0719 /* ExploreViewModel.swift */; };
		04C34E3E2CB687C6000B0719 /* ExploreCategoryCell.swift in Sources */ = {isa = PBXBuildFile; fileRef = 04C34E3D2CB687C6000B0719 /* ExploreCategoryCell.swift */; };
		04EE48112CBCF7F6007CA5F5 /* MyCartView.swift in Sources */ = {isa = PBXBuildFile; fileRef = 04EE48102CBCF7F6007CA5F5 /* MyCartView.swift */; };
		04EE48132CBCF829007CA5F5 /* CartItemRow.swift in Sources */ = {isa = PBXBuildFile; fileRef = 04EE48122CBCF829007CA5F5 /* CartItemRow.swift */; };
		04EE48152CBCF8D3007CA5F5 /* AddressModel.swift in Sources */ = {isa = PBXBuildFile; fileRef = 04EE48142CBCF8D3007CA5F5 /* AddressModel.swift */; };
		04EE48172CBCF8F8007CA5F5 /* PaymentModel.swift in Sources */ = {isa = PBXBuildFile; fileRef = 04EE48162CBCF8F8007CA5F5 /* PaymentModel.swift */; };
		04EE48192CBCF91E007CA5F5 /* PromoCodeModel.swift in Sources */ = {isa = PBXBuildFile; fileRef = 04EE48182CBCF91E007CA5F5 /* PromoCodeModel.swift */; };
		04EE481B2CBCF991007CA5F5 /* CheckoutView.swift in Sources */ = {isa = PBXBuildFile; fileRef = 04EE481A2CBCF991007CA5F5 /* CheckoutView.swift */; };
		04EE481D2CBCFA06007CA5F5 /* OrderAccpetView.swift in Sources */ = {isa = PBXBuildFile; fileRef = 04EE481C2CBCFA06007CA5F5 /* OrderAccpetView.swift */; };
		04EE48202CBD08A0007CA5F5 /* AccountView.swift in Sources */ = {isa = PBXBuildFile; fileRef = 04EE481F2CBD08A0007CA5F5 /* AccountView.swift */; };
		04EE48222CBD1617007CA5F5 /* AccountRow.swift in Sources */ = {isa = PBXBuildFile; fileRef = 04EE48212CBD1617007CA5F5 /* AccountRow.swift */; };
		04EE48242CBD1FF7007CA5F5 /* DelieryAddressView.swift in Sources */ = {isa = PBXBuildFile; fileRef = 04EE48232CBD1FF7007CA5F5 /* DelieryAddressView.swift */; };
		04F89E3A2CA519F400C14C5F /* GroceriesShopAppApp.swift in Sources */ = {isa = PBXBuildFile; fileRef = 04F89E392CA519F400C14C5F /* GroceriesShopAppApp.swift */; };
		04F89E3E2CA519F600C14C5F /* Assets.xcassets in Resources */ = {isa = PBXBuildFile; fileRef = 04F89E3D2CA519F600C14C5F /* Assets.xcassets */; };
		04F89E412CA519F600C14C5F /* Preview Assets.xcassets in Resources */ = {isa = PBXBuildFile; fileRef = 04F89E402CA519F600C14C5F /* Preview Assets.xcassets */; };
		04F89E4B2CA519F600C14C5F /* GroceriesShopAppTests.swift in Sources */ = {isa = PBXBuildFile; fileRef = 04F89E4A2CA519F600C14C5F /* GroceriesShopAppTests.swift */; };
		04F89E552CA519F600C14C5F /* GroceriesShopAppUITests.swift in Sources */ = {isa = PBXBuildFile; fileRef = 04F89E542CA519F600C14C5F /* GroceriesShopAppUITests.swift */; };
		04F89E572CA519F600C14C5F /* GroceriesShopAppUITestsLaunchTests.swift in Sources */ = {isa = PBXBuildFile; fileRef = 04F89E562CA519F600C14C5F /* GroceriesShopAppUITestsLaunchTests.swift */; };
		04F89E672CA51E1400C14C5F /* Gilroy-SemiBold.ttf in Resources */ = {isa = PBXBuildFile; fileRef = 04F89E642CA51E1400C14C5F /* Gilroy-SemiBold.ttf */; };
		04F89E682CA51E1400C14C5F /* Gilroy-Bold.ttf in Resources */ = {isa = PBXBuildFile; fileRef = 04F89E652CA51E1400C14C5F /* Gilroy-Bold.ttf */; };
		04F89E692CA51E1400C14C5F /* Gilroy-Regular.ttf in Resources */ = {isa = PBXBuildFile; fileRef = 04F89E662CA51E1400C14C5F /* Gilroy-Regular.ttf */; };
		04F89E6C2CA5329600C14C5F /* Gilroy-Medium.ttf in Resources */ = {isa = PBXBuildFile; fileRef = 04F89E6B2CA5329600C14C5F /* Gilroy-Medium.ttf */; };
		04F89E732CA533E000C14C5F /* WelcomeView.swift in Sources */ = {isa = PBXBuildFile; fileRef = 04F89E722CA533E000C14C5F /* WelcomeView.swift */; };
		04F89E752CA5346C00C14C5F /* Launch Screen.storyboard in Resources */ = {isa = PBXBuildFile; fileRef = 04F89E742CA5346C00C14C5F /* Launch Screen.storyboard */; };
		04F89E772CA5388600C14C5F /* UIExtension.swift in Sources */ = {isa = PBXBuildFile; fileRef = 04F89E762CA5388600C14C5F /* UIExtension.swift */; };
		04F89E792CA5417C00C14C5F /* RoundButton.swift in Sources */ = {isa = PBXBuildFile; fileRef = 04F89E782CA5417C00C14C5F /* RoundButton.swift */; };
		04F89E7B2CA5430C00C14C5F /* SignInView.swift in Sources */ = {isa = PBXBuildFile; fileRef = 04F89E7A2CA5430C00C14C5F /* SignInView.swift */; };
		04F89E7E2CA5564300C14C5F /* CountryPicker in Frameworks */ = {isa = PBXBuildFile; productRef = 04F89E7D2CA5564300C14C5F /* CountryPicker */; };
		04F89E802CA5569B00C14C5F /* CountryPickerUI.swift in Sources */ = {isa = PBXBuildFile; fileRef = 04F89E7F2CA5569B00C14C5F /* CountryPickerUI.swift */; };
		04F89E822CA565D400C14C5F /* LoginView.swift in Sources */ = {isa = PBXBuildFile; fileRef = 04F89E812CA565D400C14C5F /* LoginView.swift */; };
/* End PBXBuildFile section */

/* Begin PBXContainerItemProxy section */
		04F89E472CA519F600C14C5F /* PBXContainerItemProxy */ = {
			isa = PBXContainerItemProxy;
			containerPortal = 04F89E2E2CA519F400C14C5F /* Project object */;
			proxyType = 1;
			remoteGlobalIDString = 04F89E352CA519F400C14C5F;
			remoteInfo = GroceriesShopApp;
		};
		04F89E512CA519F600C14C5F /* PBXContainerItemProxy */ = {
			isa = PBXContainerItemProxy;
			containerPortal = 04F89E2E2CA519F400C14C5F /* Project object */;
			proxyType = 1;
			remoteGlobalIDString = 04F89E352CA519F400C14C5F;
			remoteInfo = GroceriesShopApp;
		};
/* End PBXContainerItemProxy section */

/* Begin PBXFileReference section */
		041BA4892CAD3A5E00C47A7D /* ExploreView.swift */ = {isa = PBXFileReference; lastKnownFileType = sourcecode.swift; path = ExploreView.swift; sourceTree = "<group>"; };
		041BA48B2CAD41BC00C47A7D /* SearchTextField.swift */ = {isa = PBXFileReference; lastKnownFileType = sourcecode.swift; path = SearchTextField.swift; sourceTree = "<group>"; };
		041BA48D2CAD42D600C47A7D /* SectionTitleAll.swift */ = {isa = PBXFileReference; lastKnownFileType = sourcecode.swift; path = SectionTitleAll.swift; sourceTree = "<group>"; };
		041BA48F2CAD439000C47A7D /* ProductCell.swift */ = {isa = PBXFileReference; lastKnownFileType = sourcecode.swift; path = ProductCell.swift; sourceTree = "<group>"; };
		041BA4942CAD445F00C47A7D /* ProductModel.swift */ = {isa = PBXFileReference; lastKnownFileType = sourcecode.swift; path = ProductModel.swift; sourceTree = "<group>"; };
		041BA4962CAD44C700C47A7D /* ProductDetailView.swift */ = {isa = PBXFileReference; lastKnownFileType = sourcecode.swift; path = ProductDetailView.swift; sourceTree = "<group>"; };
		041BA4982CAD452A00C47A7D /* ProductDetailViewModel.swift */ = {isa = PBXFileReference; lastKnownFileType = sourcecode.swift; path = ProductDetailViewModel.swift; sourceTree = "<group>"; };
		041BA49A2CAD456C00C47A7D /* NutritionModel.swift */ = {isa = PBXFileReference; lastKnownFileType = sourcecode.swift; path = NutritionModel.swift; sourceTree = "<group>"; };
		041BA49C2CAD45D700C47A7D /* ImageModel.swift */ = {isa = PBXFileReference; lastKnownFileType = sourcecode.swift; path = ImageModel.swift; sourceTree = "<group>"; };
		041BA49E2CAD46F100C47A7D /* CartViewModel.swift */ = {isa = PBXFileReference; lastKnownFileType = sourcecode.swift; path = CartViewModel.swift; sourceTree = "<group>"; };
		041BA4A02CAD478D00C47A7D /* CartItemModel.swift */ = {isa = PBXFileReference; lastKnownFileType = sourcecode.swift; path = CartItemModel.swift; sourceTree = "<group>"; };
		041BA4A22CAD498C00C47A7D /* TypeModel.swift */ = {isa = PBXFileReference; lastKnownFileType = sourcecode.swift; path = TypeModel.swift; sourceTree = "<group>"; };
		041E99432CB5319600614161 /* CategoryCell.swift */ = {isa = PBXFileReference; lastKnownFileType = sourcecode.swift; path = CategoryCell.swift; sourceTree = "<group>"; };
		041E99462CB5364600614161 /* FavouriteView.swift */ = {isa = PBXFileReference; lastKnownFileType = sourcecode.swift; path = FavouriteView.swift; sourceTree = "<group>"; };
		041E99482CB5367C00614161 /* FavouriteViewModel.swift */ = {isa = PBXFileReference; lastKnownFileType = sourcecode.swift; path = FavouriteViewModel.swift; sourceTree = "<group>"; };
		041E994A2CB536F100614161 /* FavouriteRow.swift */ = {isa = PBXFileReference; lastKnownFileType = sourcecode.swift; path = FavouriteRow.swift; sourceTree = "<group>"; };
		044478322CAB8D5A00B85009 /* MainViewModel.swift */ = {isa = PBXFileReference; lastKnownFileType = sourcecode.swift; path = MainViewModel.swift; sourceTree = "<group>"; };
		044478342CAB928C00B85009 /* LineTextField.swift */ = {isa = PBXFileReference; lastKnownFileType = sourcecode.swift; path = LineTextField.swift; sourceTree = "<group>"; };
		044478362CABA47B00B85009 /* ServiceCall.swift */ = {isa = PBXFileReference; lastKnownFileType = sourcecode.swift; path = ServiceCall.swift; sourceTree = "<group>"; };
		044478382CABB02100B85009 /* Globs.swift */ = {isa = PBXFileReference; lastKnownFileType = sourcecode.swift; path = Globs.swift; sourceTree = "<group>"; };
		0444783B2CABB55D00B85009 /* UIKitExtension.swift */ = {isa = PBXFileReference; lastKnownFileType = sourcecode.swift; path = UIKitExtension.swift; sourceTree = "<group>"; };
		044C70C62CABDE8500CA470A /* SignupView.swift */ = {isa = PBXFileReference; lastKnownFileType = sourcecode.swift; path = SignupView.swift; sourceTree = "<group>"; };
		044C70C82CABE72A00CA470A /* UserModel.swift */ = {isa = PBXFileReference; lastKnownFileType = sourcecode.swift; path = UserModel.swift; sourceTree = "<group>"; };
		044C70CB2CABEA7000CA470A /* MainTabView.swift */ = {isa = PBXFileReference; lastKnownFileType = sourcecode.swift; path = MainTabView.swift; sourceTree = "<group>"; };
		044C70CD2CABF85F00CA470A /* HomeViewModel.swift */ = {isa = PBXFileReference; lastKnownFileType = sourcecode.swift; path = HomeViewModel.swift; sourceTree = "<group>"; };
		044C70D02CABFC9300CA470A /* HomeView.swift */ = {isa = PBXFileReference; lastKnownFileType = sourcecode.swift; path = HomeView.swift; sourceTree = "<group>"; };
		044C70D22CABFD0000CA470A /* TabButton.swift */ = {isa = PBXFileReference; lastKnownFileType = sourcecode.swift; path = TabButton.swift; sourceTree = "<group>"; };
		04535F982CC0E9F4004E6B31 /* PaymentMethodsView.swift */ = {isa = PBXFileReference; lastKnownFileType = sourcecode.swift; path = PaymentMethodsView.swift; sourceTree = "<group>"; };
		04535F9A2CC0EA23004E6B31 /* PaymentViewModel.swift */ = {isa = PBXFileReference; lastKnownFileType = sourcecode.swift; path = PaymentViewModel.swift; sourceTree = "<group>"; };
		04535F9C2CC0EA6D004E6B31 /* AddPaymentMethodView.swift */ = {isa = PBXFileReference; lastKnownFileType = sourcecode.swift; path = AddPaymentMethodView.swift; sourceTree = "<group>"; };
		04535F9E2CC0F553004E6B31 /* MyOrdersView.swift */ = {isa = PBXFileReference; lastKnownFileType = sourcecode.swift; path = MyOrdersView.swift; sourceTree = "<group>"; };
		04535FA02CC0F592004E6B31 /* MyOrderModel.swift */ = {isa = PBXFileReference; lastKnownFileType = sourcecode.swift; path = MyOrderModel.swift; sourceTree = "<group>"; };
		04535FA22CC0F5C3004E6B31 /* MyOrdersViewModel.swift */ = {isa = PBXFileReference; lastKnownFileType = sourcecode.swift; path = MyOrdersViewModel.swift; sourceTree = "<group>"; };
		049D6C622CBE0B1800C12089 /* DeliveryAddressViewModel.swift */ = {isa = PBXFileReference; lastKnownFileType = sourcecode.swift; path = DeliveryAddressViewModel.swift; sourceTree = "<group>"; };
		049D6C642CBE0C5700C12089 /* AddDeliveryAddressView.swift */ = {isa = PBXFileReference; lastKnownFileType = sourcecode.swift; path = AddDeliveryAddressView.swift; sourceTree = "<group>"; };
		049D6C662CBE134C00C12089 /* PromoCodeViewModel.swift */ = {isa = PBXFileReference; lastKnownFileType = sourcecode.swift; path = PromoCodeViewModel.swift; sourceTree = "<group>"; };
		049D6C682CBE142200C12089 /* PromoCodeView.swift */ = {isa = PBXFileReference; lastKnownFileType = sourcecode.swift; path = PromoCodeView.swift; sourceTree = "<group>"; };
		04C34E352CB68519000B0719 /* ExploreItemsView.swift */ = {isa = PBXFileReference; lastKnownFileType = sourcecode.swift; path = ExploreItemsView.swift; sourceTree = "<group>"; };
		04C34E372CB68555000B0719 /* ExploreCategoryModel.swift */ = {isa = PBXFileReference; lastKnownFileType = sourcecode.swift; path = ExploreCategoryModel.swift; sourceTree = "<group>"; };
		04C34E392CB68625000B0719 /* ExploreItemViewModel.swift */ = {isa = PBXFileReference; lastKnownFileType = sourcecode.swift; path = ExploreItemViewModel.swift; sourceTree = "<group>"; };
		04C34E3B2CB68787000B0719 /* ExploreViewModel.swift */ = {isa = PBXFileReference; lastKnownFileType = sourcecode.swift; path = ExploreViewModel.swift; sourceTree = "<group>"; };
		04C34E3D2CB687C6000B0719 /* ExploreCategoryCell.swift */ = {isa = PBXFileReference; lastKnownFileType = sourcecode.swift; path = ExploreCategoryCell.swift; sourceTree = "<group>"; };
		04EE48102CBCF7F6007CA5F5 /* MyCartView.swift */ = {isa = PBXFileReference; lastKnownFileType = sourcecode.swift; path = MyCartView.swift; sourceTree = "<group>"; };
		04EE48122CBCF829007CA5F5 /* CartItemRow.swift */ = {isa = PBXFileReference; lastKnownFileType = sourcecode.swift; path = CartItemRow.swift; sourceTree = "<group>"; };
		04EE48142CBCF8D3007CA5F5 /* AddressModel.swift */ = {isa = PBXFileReference; lastKnownFileType = sourcecode.swift; path = AddressModel.swift; sourceTree = "<group>"; };
		04EE48162CBCF8F8007CA5F5 /* PaymentModel.swift */ = {isa = PBXFileReference; lastKnownFileType = sourcecode.swift; path = PaymentModel.swift; sourceTree = "<group>"; };
		04EE48182CBCF91E007CA5F5 /* PromoCodeModel.swift */ = {isa = PBXFileReference; lastKnownFileType = sourcecode.swift; path = PromoCodeModel.swift; sourceTree = "<group>"; };
		04EE481A2CBCF991007CA5F5 /* CheckoutView.swift */ = {isa = PBXFileReference; lastKnownFileType = sourcecode.swift; path = CheckoutView.swift; sourceTree = "<group>"; };
		04EE481C2CBCFA06007CA5F5 /* OrderAccpetView.swift */ = {isa = PBXFileReference; lastKnownFileType = sourcecode.swift; path = OrderAccpetView.swift; sourceTree = "<group>"; };
		04EE481F2CBD08A0007CA5F5 /* AccountView.swift */ = {isa = PBXFileReference; lastKnownFileType = sourcecode.swift; path = AccountView.swift; sourceTree = "<group>"; };
		04EE48212CBD1617007CA5F5 /* AccountRow.swift */ = {isa = PBXFileReference; lastKnownFileType = sourcecode.swift; path = AccountRow.swift; sourceTree = "<group>"; };
		04EE48232CBD1FF7007CA5F5 /* DelieryAddressView.swift */ = {isa = PBXFileReference; lastKnownFileType = sourcecode.swift; path = DelieryAddressView.swift; sourceTree = "<group>"; };
		04F89E362CA519F400C14C5F /* GroceriesShopApp.app */ = {isa = PBXFileReference; explicitFileType = wrapper.application; includeInIndex = 0; path = GroceriesShopApp.app; sourceTree = BUILT_PRODUCTS_DIR; };
		04F89E392CA519F400C14C5F /* GroceriesShopAppApp.swift */ = {isa = PBXFileReference; lastKnownFileType = sourcecode.swift; path = GroceriesShopAppApp.swift; sourceTree = "<group>"; };
		04F89E3D2CA519F600C14C5F /* Assets.xcassets */ = {isa = PBXFileReference; lastKnownFileType = folder.assetcatalog; path = Assets.xcassets; sourceTree = "<group>"; };
		04F89E402CA519F600C14C5F /* Preview Assets.xcassets */ = {isa = PBXFileReference; lastKnownFileType = folder.assetcatalog; path = "Preview Assets.xcassets"; sourceTree = "<group>"; };
		04F89E462CA519F600C14C5F /* GroceriesShopAppTests.xctest */ = {isa = PBXFileReference; explicitFileType = wrapper.cfbundle; includeInIndex = 0; path = GroceriesShopAppTests.xctest; sourceTree = BUILT_PRODUCTS_DIR; };
		04F89E4A2CA519F600C14C5F /* GroceriesShopAppTests.swift */ = {isa = PBXFileReference; lastKnownFileType = sourcecode.swift; path = GroceriesShopAppTests.swift; sourceTree = "<group>"; };
		04F89E502CA519F600C14C5F /* GroceriesShopAppUITests.xctest */ = {isa = PBXFileReference; explicitFileType = wrapper.cfbundle; includeInIndex = 0; path = GroceriesShopAppUITests.xctest; sourceTree = BUILT_PRODUCTS_DIR; };
		04F89E542CA519F600C14C5F /* GroceriesShopAppUITests.swift */ = {isa = PBXFileReference; lastKnownFileType = sourcecode.swift; path = GroceriesShopAppUITests.swift; sourceTree = "<group>"; };
		04F89E562CA519F600C14C5F /* GroceriesShopAppUITestsLaunchTests.swift */ = {isa = PBXFileReference; lastKnownFileType = sourcecode.swift; path = GroceriesShopAppUITestsLaunchTests.swift; sourceTree = "<group>"; };
		04F89E642CA51E1400C14C5F /* Gilroy-SemiBold.ttf */ = {isa = PBXFileReference; lastKnownFileType = file; path = "Gilroy-SemiBold.ttf"; sourceTree = "<group>"; };
		04F89E652CA51E1400C14C5F /* Gilroy-Bold.ttf */ = {isa = PBXFileReference; lastKnownFileType = file; path = "Gilroy-Bold.ttf"; sourceTree = "<group>"; };
		04F89E662CA51E1400C14C5F /* Gilroy-Regular.ttf */ = {isa = PBXFileReference; lastKnownFileType = file; path = "Gilroy-Regular.ttf"; sourceTree = "<group>"; };
		04F89E6A2CA5316600C14C5F /* Info.plist */ = {isa = PBXFileReference; lastKnownFileType = text.plist; path = Info.plist; sourceTree = "<group>"; };
		04F89E6B2CA5329600C14C5F /* Gilroy-Medium.ttf */ = {isa = PBXFileReference; lastKnownFileType = file; path = "Gilroy-Medium.ttf"; sourceTree = "<group>"; };
		04F89E722CA533E000C14C5F /* WelcomeView.swift */ = {isa = PBXFileReference; lastKnownFileType = sourcecode.swift; path = WelcomeView.swift; sourceTree = "<group>"; };
		04F89E742CA5346C00C14C5F /* Launch Screen.storyboard */ = {isa = PBXFileReference; lastKnownFileType = file.storyboard; path = "Launch Screen.storyboard"; sourceTree = "<group>"; };
		04F89E762CA5388600C14C5F /* UIExtension.swift */ = {isa = PBXFileReference; lastKnownFileType = sourcecode.swift; path = UIExtension.swift; sourceTree = "<group>"; };
		04F89E782CA5417C00C14C5F /* RoundButton.swift */ = {isa = PBXFileReference; lastKnownFileType = sourcecode.swift; path = RoundButton.swift; sourceTree = "<group>"; };
		04F89E7A2CA5430C00C14C5F /* SignInView.swift */ = {isa = PBXFileReference; lastKnownFileType = sourcecode.swift; path = SignInView.swift; sourceTree = "<group>"; };
		04F89E7F2CA5569B00C14C5F /* CountryPickerUI.swift */ = {isa = PBXFileReference; lastKnownFileType = sourcecode.swift; path = CountryPickerUI.swift; sourceTree = "<group>"; };
		04F89E812CA565D400C14C5F /* LoginView.swift */ = {isa = PBXFileReference; lastKnownFileType = sourcecode.swift; path = LoginView.swift; sourceTree = "<group>"; };
/* End PBXFileReference section */

/* Begin PBXFrameworksBuildPhase section */
		04F89E332CA519F400C14C5F /* Frameworks */ = {
			isa = PBXFrameworksBuildPhase;
			buildActionMask = 2147483647;
			files = (
				041BA4932CAD43F200C47A7D /* SDWebImageSwiftUI in Frameworks */,
				04F89E7E2CA5564300C14C5F /* CountryPicker in Frameworks */,
			);
			runOnlyForDeploymentPostprocessing = 0;
		};
		04F89E432CA519F600C14C5F /* Frameworks */ = {
			isa = PBXFrameworksBuildPhase;
			buildActionMask = 2147483647;
			files = (
			);
			runOnlyForDeploymentPostprocessing = 0;
		};
		04F89E4D2CA519F600C14C5F /* Frameworks */ = {
			isa = PBXFrameworksBuildPhase;
			buildActionMask = 2147483647;
			files = (
			);
			runOnlyForDeploymentPostprocessing = 0;
		};
/* End PBXFrameworksBuildPhase section */

/* Begin PBXGroup section */
		041BA4882CAD3A3F00C47A7D /* Explore */ = {
			isa = PBXGroup;
			children = (
				041BA4892CAD3A5E00C47A7D /* ExploreView.swift */,
				04C34E352CB68519000B0719 /* ExploreItemsView.swift */,
			);
			path = Explore;
			sourceTree = "<group>";
		};
		041E99452CB535F200614161 /* Favourite */ = {
			isa = PBXGroup;
			children = (
				041E99462CB5364600614161 /* FavouriteView.swift */,
			);
			path = Favourite;
			sourceTree = "<group>";
		};
		0444783A2CABB52E00B85009 /* Common */ = {
			isa = PBXGroup;
			children = (
				0444783B2CABB55D00B85009 /* UIKitExtension.swift */,
			);
			path = Common;
			sourceTree = "<group>";
		};
		044C70CA2CABEA5700CA470A /* MainTabView */ = {
			isa = PBXGroup;
			children = (
				044C70CB2CABEA7000CA470A /* MainTabView.swift */,
			);
			path = MainTabView;
			sourceTree = "<group>";
		};
		044C70CF2CABFC8600CA470A /* Home */ = {
			isa = PBXGroup;
			children = (
				044C70D02CABFC9300CA470A /* HomeView.swift */,
				041BA4962CAD44C700C47A7D /* ProductDetailView.swift */,
			);
			path = Home;
			sourceTree = "<group>";
		};
		04EE480F2CBCF7DC007CA5F5 /* Cart */ = {
			isa = PBXGroup;
			children = (
				04EE48102CBCF7F6007CA5F5 /* MyCartView.swift */,
				04EE481A2CBCF991007CA5F5 /* CheckoutView.swift */,
				04EE481C2CBCFA06007CA5F5 /* OrderAccpetView.swift */,
			);
			path = Cart;
			sourceTree = "<group>";
		};
		04EE481E2CBD088B007CA5F5 /* Account */ = {
			isa = PBXGroup;
			children = (
				04EE481F2CBD08A0007CA5F5 /* AccountView.swift */,
				04EE48232CBD1FF7007CA5F5 /* DelieryAddressView.swift */,
				049D6C642CBE0C5700C12089 /* AddDeliveryAddressView.swift */,
				049D6C682CBE142200C12089 /* PromoCodeView.swift */,
				04535F982CC0E9F4004E6B31 /* PaymentMethodsView.swift */,
				04535F9C2CC0EA6D004E6B31 /* AddPaymentMethodView.swift */,
				04535F9E2CC0F553004E6B31 /* MyOrdersView.swift */,
			);
			path = Account;
			sourceTree = "<group>";
		};
		04F89E2D2CA519F400C14C5F = {
			isa = PBXGroup;
			children = (
				04F89E382CA519F400C14C5F /* GroceriesShopApp */,
				04F89E492CA519F600C14C5F /* GroceriesShopAppTests */,
				04F89E532CA519F600C14C5F /* GroceriesShopAppUITests */,
				04F89E372CA519F400C14C5F /* Products */,
			);
			sourceTree = "<group>";
		};
		04F89E372CA519F400C14C5F /* Products */ = {
			isa = PBXGroup;
			children = (
				04F89E362CA519F400C14C5F /* GroceriesShopApp.app */,
				04F89E462CA519F600C14C5F /* GroceriesShopAppTests.xctest */,
				04F89E502CA519F600C14C5F /* GroceriesShopAppUITests.xctest */,
			);
			name = Products;
			sourceTree = "<group>";
		};
		04F89E382CA519F400C14C5F /* GroceriesShopApp */ = {
			isa = PBXGroup;
			children = (
				0444783A2CABB52E00B85009 /* Common */,
				04F89E702CA5337800C14C5F /* UICommon */,
				04F89E6F2CA5331800C14C5F /* ViewModel */,
				04F89E6E2CA5330F00C14C5F /* Model */,
				04F89E6D2CA5330200C14C5F /* View */,
				04F89E6A2CA5316600C14C5F /* Info.plist */,
				04F89E632CA51D8000C14C5F /* font */,
				04F89E392CA519F400C14C5F /* GroceriesShopAppApp.swift */,
				04F89E3D2CA519F600C14C5F /* Assets.xcassets */,
				04F89E3F2CA519F600C14C5F /* Preview Content */,
				04F89E742CA5346C00C14C5F /* Launch Screen.storyboard */,
			);
			path = GroceriesShopApp;
			sourceTree = "<group>";
		};
		04F89E3F2CA519F600C14C5F /* Preview Content */ = {
			isa = PBXGroup;
			children = (
				04F89E402CA519F600C14C5F /* Preview Assets.xcassets */,
			);
			path = "Preview Content";
			sourceTree = "<group>";
		};
		04F89E492CA519F600C14C5F /* GroceriesShopAppTests */ = {
			isa = PBXGroup;
			children = (
				04F89E4A2CA519F600C14C5F /* GroceriesShopAppTests.swift */,
			);
			path = GroceriesShopAppTests;
			sourceTree = "<group>";
		};
		04F89E532CA519F600C14C5F /* GroceriesShopAppUITests */ = {
			isa = PBXGroup;
			children = (
				04F89E542CA519F600C14C5F /* GroceriesShopAppUITests.swift */,
				04F89E562CA519F600C14C5F /* GroceriesShopAppUITestsLaunchTests.swift */,
			);
			path = GroceriesShopAppUITests;
			sourceTree = "<group>";
		};
		04F89E632CA51D8000C14C5F /* font */ = {
			isa = PBXGroup;
			children = (
				04F89E6B2CA5329600C14C5F /* Gilroy-Medium.ttf */,
				04F89E652CA51E1400C14C5F /* Gilroy-Bold.ttf */,
				04F89E662CA51E1400C14C5F /* Gilroy-Regular.ttf */,
				04F89E642CA51E1400C14C5F /* Gilroy-SemiBold.ttf */,
			);
			path = font;
			sourceTree = "<group>";
		};
		04F89E6D2CA5330200C14C5F /* View */ = {
			isa = PBXGroup;
			children = (
				04EE481E2CBD088B007CA5F5 /* Account */,
				04EE480F2CBCF7DC007CA5F5 /* Cart */,
				041E99452CB535F200614161 /* Favourite */,
				041BA4882CAD3A3F00C47A7D /* Explore */,
				044C70CF2CABFC8600CA470A /* Home */,
				044C70CA2CABEA5700CA470A /* MainTabView */,
				04F89E712CA533C800C14C5F /* Login */,
			);
			path = View;
			sourceTree = "<group>";
		};
		04F89E6E2CA5330F00C14C5F /* Model */ = {
			isa = PBXGroup;
			children = (
				044C70C82CABE72A00CA470A /* UserModel.swift */,
				041BA4942CAD445F00C47A7D /* ProductModel.swift */,
				041BA49A2CAD456C00C47A7D /* NutritionModel.swift */,
				041BA4A02CAD478D00C47A7D /* CartItemModel.swift */,
				041BA4A22CAD498C00C47A7D /* TypeModel.swift */,
				04C34E372CB68555000B0719 /* ExploreCategoryModel.swift */,
				04EE48142CBCF8D3007CA5F5 /* AddressModel.swift */,
				04EE48162CBCF8F8007CA5F5 /* PaymentModel.swift */,
				04EE48182CBCF91E007CA5F5 /* PromoCodeModel.swift */,
				04535FA02CC0F592004E6B31 /* MyOrderModel.swift */,
			);
			path = Model;
			sourceTree = "<group>";
		};
		04F89E6F2CA5331800C14C5F /* ViewModel */ = {
			isa = PBXGroup;
			children = (
				044478322CAB8D5A00B85009 /* MainViewModel.swift */,
				044C70CD2CABF85F00CA470A /* HomeViewModel.swift */,
				041BA4982CAD452A00C47A7D /* ProductDetailViewModel.swift */,
				041BA49C2CAD45D700C47A7D /* ImageModel.swift */,
				041BA49E2CAD46F100C47A7D /* CartViewModel.swift */,
				041E99482CB5367C00614161 /* FavouriteViewModel.swift */,
				04C34E392CB68625000B0719 /* ExploreItemViewModel.swift */,
				04C34E3B2CB68787000B0719 /* ExploreViewModel.swift */,
				049D6C622CBE0B1800C12089 /* DeliveryAddressViewModel.swift */,
				049D6C662CBE134C00C12089 /* PromoCodeViewModel.swift */,
				04535F9A2CC0EA23004E6B31 /* PaymentViewModel.swift */,
				04535FA22CC0F5C3004E6B31 /* MyOrdersViewModel.swift */,
			);
			path = ViewModel;
			sourceTree = "<group>";
		};
		04F89E702CA5337800C14C5F /* UICommon */ = {
			isa = PBXGroup;
			children = (
				04F89E762CA5388600C14C5F /* UIExtension.swift */,
				04F89E782CA5417C00C14C5F /* RoundButton.swift */,
				04F89E7F2CA5569B00C14C5F /* CountryPickerUI.swift */,
				044478342CAB928C00B85009 /* LineTextField.swift */,
				044478362CABA47B00B85009 /* ServiceCall.swift */,
				044478382CABB02100B85009 /* Globs.swift */,
				044C70D22CABFD0000CA470A /* TabButton.swift */,
				041BA48B2CAD41BC00C47A7D /* SearchTextField.swift */,
				041BA48D2CAD42D600C47A7D /* SectionTitleAll.swift */,
				041BA48F2CAD439000C47A7D /* ProductCell.swift */,
				041E99432CB5319600614161 /* CategoryCell.swift */,
				041E994A2CB536F100614161 /* FavouriteRow.swift */,
				04C34E3D2CB687C6000B0719 /* ExploreCategoryCell.swift */,
				04EE48122CBCF829007CA5F5 /* CartItemRow.swift */,
				04EE48212CBD1617007CA5F5 /* AccountRow.swift */,
			);
			path = UICommon;
			sourceTree = "<group>";
		};
		04F89E712CA533C800C14C5F /* Login */ = {
			isa = PBXGroup;
			children = (
				04F89E722CA533E000C14C5F /* WelcomeView.swift */,
				044C70C62CABDE8500CA470A /* SignupView.swift */,
				04F89E7A2CA5430C00C14C5F /* SignInView.swift */,
				04F89E812CA565D400C14C5F /* LoginView.swift */,
			);
			path = Login;
			sourceTree = "<group>";
		};
/* End PBXGroup section */

/* Begin PBXNativeTarget section */
		04F89E352CA519F400C14C5F /* GroceriesShopApp */ = {
			isa = PBXNativeTarget;
			buildConfigurationList = 04F89E5A2CA519F600C14C5F /* Build configuration list for PBXNativeTarget "GroceriesShopApp" */;
			buildPhases = (
				04F89E322CA519F400C14C5F /* Sources */,
				04F89E332CA519F400C14C5F /* Frameworks */,
				04F89E342CA519F400C14C5F /* Resources */,
			);
			buildRules = (
			);
			dependencies = (
			);
			name = GroceriesShopApp;
			packageProductDependencies = (
				04F89E7D2CA5564300C14C5F /* CountryPicker */,
				041BA4922CAD43F200C47A7D /* SDWebImageSwiftUI */,
			);
			productName = GroceriesShopApp;
			productReference = 04F89E362CA519F400C14C5F /* GroceriesShopApp.app */;
			productType = "com.apple.product-type.application";
		};
		04F89E452CA519F600C14C5F /* GroceriesShopAppTests */ = {
			isa = PBXNativeTarget;
			buildConfigurationList = 04F89E5D2CA519F600C14C5F /* Build configuration list for PBXNativeTarget "GroceriesShopAppTests" */;
			buildPhases = (
				04F89E422CA519F600C14C5F /* Sources */,
				04F89E432CA519F600C14C5F /* Frameworks */,
				04F89E442CA519F600C14C5F /* Resources */,
			);
			buildRules = (
			);
			dependencies = (
				04F89E482CA519F600C14C5F /* PBXTargetDependency */,
			);
			name = GroceriesShopAppTests;
			productName = GroceriesShopAppTests;
			productReference = 04F89E462CA519F600C14C5F /* GroceriesShopAppTests.xctest */;
			productType = "com.apple.product-type.bundle.unit-test";
		};
		04F89E4F2CA519F600C14C5F /* GroceriesShopAppUITests */ = {
			isa = PBXNativeTarget;
			buildConfigurationList = 04F89E602CA519F600C14C5F /* Build configuration list for PBXNativeTarget "GroceriesShopAppUITests" */;
			buildPhases = (
				04F89E4C2CA519F600C14C5F /* Sources */,
				04F89E4D2CA519F600C14C5F /* Frameworks */,
				04F89E4E2CA519F600C14C5F /* Resources */,
			);
			buildRules = (
			);
			dependencies = (
				04F89E522CA519F600C14C5F /* PBXTargetDependency */,
			);
			name = GroceriesShopAppUITests;
			productName = GroceriesShopAppUITests;
			productReference = 04F89E502CA519F600C14C5F /* GroceriesShopAppUITests.xctest */;
			productType = "com.apple.product-type.bundle.ui-testing";
		};
/* End PBXNativeTarget section */

/* Begin PBXProject section */
		04F89E2E2CA519F400C14C5F /* Project object */ = {
			isa = PBXProject;
			attributes = {
				BuildIndependentTargetsInParallel = 1;
				LastSwiftUpdateCheck = 1500;
				LastUpgradeCheck = 1500;
				TargetAttributes = {
					04F89E352CA519F400C14C5F = {
						CreatedOnToolsVersion = 15.0.1;
					};
					04F89E452CA519F600C14C5F = {
						CreatedOnToolsVersion = 15.0.1;
						TestTargetID = 04F89E352CA519F400C14C5F;
					};
					04F89E4F2CA519F600C14C5F = {
						CreatedOnToolsVersion = 15.0.1;
						TestTargetID = 04F89E352CA519F400C14C5F;
					};
				};
			};
			buildConfigurationList = 04F89E312CA519F400C14C5F /* Build configuration list for PBXProject "GroceriesShopApp" */;
			compatibilityVersion = "Xcode 14.0";
			developmentRegion = en;
			hasScannedForEncodings = 0;
			knownRegions = (
				en,
				Base,
			);
			mainGroup = 04F89E2D2CA519F400C14C5F;
			packageReferences = (
				04F89E7C2CA5564300C14C5F /* XCRemoteSwiftPackageReference "CountryPicker" */,
				041BA4912CAD43F200C47A7D /* XCRemoteSwiftPackageReference "SDWebImageSwiftUI" */,
			);
			productRefGroup = 04F89E372CA519F400C14C5F /* Products */;
			projectDirPath = "";
			projectRoot = "";
			targets = (
				04F89E352CA519F400C14C5F /* GroceriesShopApp */,
				04F89E452CA519F600C14C5F /* GroceriesShopAppTests */,
				04F89E4F2CA519F600C14C5F /* GroceriesShopAppUITests */,
			);
		};
/* End PBXProject section */

/* Begin PBXResourcesBuildPhase section */
		04F89E342CA519F400C14C5F /* Resources */ = {
			isa = PBXResourcesBuildPhase;
			buildActionMask = 2147483647;
			files = (
				04F89E692CA51E1400C14C5F /* Gilroy-Regular.ttf in Resources */,
				04F89E6C2CA5329600C14C5F /* Gilroy-Medium.ttf in Resources */,
				04F89E412CA519F600C14C5F /* Preview Assets.xcassets in Resources */,
				04F89E672CA51E1400C14C5F /* Gilroy-SemiBold.ttf in Resources */,
				04F89E3E2CA519F600C14C5F /* Assets.xcassets in Resources */,
				04F89E682CA51E1400C14C5F /* Gilroy-Bold.ttf in Resources */,
				04F89E752CA5346C00C14C5F /* Launch Screen.storyboard in Resources */,
			);
			runOnlyForDeploymentPostprocessing = 0;
		};
		04F89E442CA519F600C14C5F /* Resources */ = {
			isa = PBXResourcesBuildPhase;
			buildActionMask = 2147483647;
			files = (
			);
			runOnlyForDeploymentPostprocessing = 0;
		};
		04F89E4E2CA519F600C14C5F /* Resources */ = {
			isa = PBXResourcesBuildPhase;
			buildActionMask = 2147483647;
			files = (
			);
			runOnlyForDeploymentPostprocessing = 0;
		};
/* End PBXResourcesBuildPhase section */

/* Begin PBXSourcesBuildPhase section */
		04F89E322CA519F400C14C5F /* Sources */ = {
			isa = PBXSourcesBuildPhase;
			buildActionMask = 2147483647;
			files = (
				04EE48222CBD1617007CA5F5 /* AccountRow.swift in Sources */,
				04F89E802CA5569B00C14C5F /* CountryPickerUI.swift in Sources */,
				041BA4902CAD439000C47A7D /* ProductCell.swift in Sources */,
				041E994B2CB536F100614161 /* FavouriteRow.swift in Sources */,
				04535F992CC0E9F4004E6B31 /* PaymentMethodsView.swift in Sources */,
				04C34E382CB68555000B0719 /* ExploreCategoryModel.swift in Sources */,
				044478352CAB928C00B85009 /* LineTextField.swift in Sources */,
				04F89E822CA565D400C14C5F /* LoginView.swift in Sources */,
				04EE48112CBCF7F6007CA5F5 /* MyCartView.swift in Sources */,
				041E99442CB5319600614161 /* CategoryCell.swift in Sources */,
				049D6C632CBE0B1800C12089 /* DeliveryAddressViewModel.swift in Sources */,
				044C70CE2CABF85F00CA470A /* HomeViewModel.swift in Sources */,
				04EE481D2CBCFA06007CA5F5 /* OrderAccpetView.swift in Sources */,
				044478392CABB02100B85009 /* Globs.swift in Sources */,
				044C70D12CABFC9300CA470A /* HomeView.swift in Sources */,
				04F89E792CA5417C00C14C5F /* RoundButton.swift in Sources */,
				04EE48242CBD1FF7007CA5F5 /* DelieryAddressView.swift in Sources */,
				04F89E3A2CA519F400C14C5F /* GroceriesShopAppApp.swift in Sources */,
				0444783C2CABB55D00B85009 /* UIKitExtension.swift in Sources */,
				04EE48132CBCF829007CA5F5 /* CartItemRow.swift in Sources */,
				044C70D32CABFD0000CA470A /* TabButton.swift in Sources */,
				04535F9B2CC0EA23004E6B31 /* PaymentViewModel.swift in Sources */,
				04F89E772CA5388600C14C5F /* UIExtension.swift in Sources */,
				04EE481B2CBCF991007CA5F5 /* CheckoutView.swift in Sources */,
				044C70C92CABE72A00CA470A /* UserModel.swift in Sources */,
				04F89E732CA533E000C14C5F /* WelcomeView.swift in Sources */,
				04EE48202CBD08A0007CA5F5 /* AccountView.swift in Sources */,
				04C34E3E2CB687C6000B0719 /* ExploreCategoryCell.swift in Sources */,
				049D6C652CBE0C5700C12089 /* AddDeliveryAddressView.swift in Sources */,
				04C34E362CB68519000B0719 /* ExploreItemsView.swift in Sources */,
				044478372CABA47B00B85009 /* ServiceCall.swift in Sources */,
				04535FA32CC0F5C3004E6B31 /* MyOrdersViewModel.swift in Sources */,
				04F89E7B2CA5430C00C14C5F /* SignInView.swift in Sources */,
				04535F9D2CC0EA6D004E6B31 /* AddPaymentMethodView.swift in Sources */,
				041BA49F2CAD46F100C47A7D /* CartViewModel.swift in Sources */,
				041BA4A32CAD498C00C47A7D /* TypeModel.swift in Sources */,
				04535F9F2CC0F553004E6B31 /* MyOrdersView.swift in Sources */,
				041BA49B2CAD456C00C47A7D /* NutritionModel.swift in Sources */,
				04EE48152CBCF8D3007CA5F5 /* AddressModel.swift in Sources */,
				04C34E3A2CB68625000B0719 /* ExploreItemViewModel.swift in Sources */,
				049D6C672CBE134C00C12089 /* PromoCodeViewModel.swift in Sources */,
				04EE48172CBCF8F8007CA5F5 /* PaymentModel.swift in Sources */,
				041E99492CB5367C00614161 /* FavouriteViewModel.swift in Sources */,
				041BA48E2CAD42D600C47A7D /* SectionTitleAll.swift in Sources */,
				041BA4972CAD44C700C47A7D /* ProductDetailView.swift in Sources */,
				041BA48C2CAD41BC00C47A7D /* SearchTextField.swift in Sources */,
				041BA4952CAD445F00C47A7D /* ProductModel.swift in Sources */,
				044C70C72CABDE8500CA470A /* SignupView.swift in Sources */,
				049D6C692CBE142200C12089 /* PromoCodeView.swift in Sources */,
				041BA49D2CAD45D700C47A7D /* ImageModel.swift in Sources */,
				044478332CAB8D5A00B85009 /* MainViewModel.swift in Sources */,
				041BA4A12CAD478E00C47A7D /* CartItemModel.swift in Sources */,
				041BA48A2CAD3A5E00C47A7D /* ExploreView.swift in Sources */,
				041BA4992CAD452A00C47A7D /* ProductDetailViewModel.swift in Sources */,
				04EE48192CBCF91E007CA5F5 /* PromoCodeModel.swift in Sources */,
				04535FA12CC0F592004E6B31 /* MyOrderModel.swift in Sources */,
				041E99472CB5364600614161 /* FavouriteView.swift in Sources */,
				04C34E3C2CB68787000B0719 /* ExploreViewModel.swift in Sources */,
				044C70CC2CABEA7000CA470A /* MainTabView.swift in Sources */,
			);
			runOnlyForDeploymentPostprocessing = 0;
		};
		04F89E422CA519F600C14C5F /* Sources */ = {
			isa = PBXSourcesBuildPhase;
			buildActionMask = 2147483647;
			files = (
				04F89E4B2CA519F600C14C5F /* GroceriesShopAppTests.swift in Sources */,
			);
			runOnlyForDeploymentPostprocessing = 0;
		};
		04F89E4C2CA519F600C14C5F /* Sources */ = {
			isa = PBXSourcesBuildPhase;
			buildActionMask = 2147483647;
			files = (
				04F89E572CA519F600C14C5F /* GroceriesShopAppUITestsLaunchTests.swift in Sources */,
				04F89E552CA519F600C14C5F /* GroceriesShopAppUITests.swift in Sources */,
			);
			runOnlyForDeploymentPostprocessing = 0;
		};
/* End PBXSourcesBuildPhase section */

/* Begin PBXTargetDependency section */
		04F89E482CA519F600C14C5F /* PBXTargetDependency */ = {
			isa = PBXTargetDependency;
			target = 04F89E352CA519F400C14C5F /* GroceriesShopApp */;
			targetProxy = 04F89E472CA519F600C14C5F /* PBXContainerItemProxy */;
		};
		04F89E522CA519F600C14C5F /* PBXTargetDependency */ = {
			isa = PBXTargetDependency;
			target = 04F89E352CA519F400C14C5F /* GroceriesShopApp */;
			targetProxy = 04F89E512CA519F600C14C5F /* PBXContainerItemProxy */;
		};
/* End PBXTargetDependency section */

/* Begin XCBuildConfiguration section */
		04F89E582CA519F600C14C5F /* Debug */ = {
			isa = XCBuildConfiguration;
			buildSettings = {
				ALWAYS_SEARCH_USER_PATHS = NO;
				ASSETCATALOG_COMPILER_GENERATE_SWIFT_ASSET_SYMBOL_EXTENSIONS = YES;
				CLANG_ANALYZER_NONNULL = YES;
				CLANG_ANALYZER_NUMBER_OBJECT_CONVERSION = YES_AGGRESSIVE;
				CLANG_CXX_LANGUAGE_STANDARD = "gnu++20";
				CLANG_ENABLE_MODULES = YES;
				CLANG_ENABLE_OBJC_ARC = YES;
				CLANG_ENABLE_OBJC_WEAK = YES;
				CLANG_WARN_BLOCK_CAPTURE_AUTORELEASING = YES;
				CLANG_WARN_BOOL_CONVERSION = YES;
				CLANG_WARN_COMMA = YES;
				CLANG_WARN_CONSTANT_CONVERSION = YES;
				CLANG_WARN_DEPRECATED_OBJC_IMPLEMENTATIONS = YES;
				CLANG_WARN_DIRECT_OBJC_ISA_USAGE = YES_ERROR;
				CLANG_WARN_DOCUMENTATION_COMMENTS = YES;
				CLANG_WARN_EMPTY_BODY = YES;
				CLANG_WARN_ENUM_CONVERSION = YES;
				CLANG_WARN_INFINITE_RECURSION = YES;
				CLANG_WARN_INT_CONVERSION = YES;
				CLANG_WARN_NON_LITERAL_NULL_CONVERSION = YES;
				CLANG_WARN_OBJC_IMPLICIT_RETAIN_SELF = YES;
				CLANG_WARN_OBJC_LITERAL_CONVERSION = YES;
				CLANG_WARN_OBJC_ROOT_CLASS = YES_ERROR;
				CLANG_WARN_QUOTED_INCLUDE_IN_FRAMEWORK_HEADER = YES;
				CLANG_WARN_RANGE_LOOP_ANALYSIS = YES;
				CLANG_WARN_STRICT_PROTOTYPES = YES;
				CLANG_WARN_SUSPICIOUS_MOVE = YES;
				CLANG_WARN_UNGUARDED_AVAILABILITY = YES_AGGRESSIVE;
				CLANG_WARN_UNREACHABLE_CODE = YES;
				CLANG_WARN__DUPLICATE_METHOD_MATCH = YES;
				COPY_PHASE_STRIP = NO;
				DEBUG_INFORMATION_FORMAT = dwarf;
				ENABLE_STRICT_OBJC_MSGSEND = YES;
				ENABLE_TESTABILITY = YES;
				ENABLE_USER_SCRIPT_SANDBOXING = YES;
				GCC_C_LANGUAGE_STANDARD = gnu17;
				GCC_DYNAMIC_NO_PIC = NO;
				GCC_NO_COMMON_BLOCKS = YES;
				GCC_OPTIMIZATION_LEVEL = 0;
				GCC_PREPROCESSOR_DEFINITIONS = (
					"DEBUG=1",
					"$(inherited)",
				);
				GCC_WARN_64_TO_32_BIT_CONVERSION = YES;
				GCC_WARN_ABOUT_RETURN_TYPE = YES_ERROR;
				GCC_WARN_UNDECLARED_SELECTOR = YES;
				GCC_WARN_UNINITIALIZED_AUTOS = YES_AGGRESSIVE;
				GCC_WARN_UNUSED_FUNCTION = YES;
				GCC_WARN_UNUSED_VARIABLE = YES;
				IPHONEOS_DEPLOYMENT_TARGET = 17.0;
				LOCALIZATION_PREFERS_STRING_CATALOGS = YES;
				MTL_ENABLE_DEBUG_INFO = INCLUDE_SOURCE;
				MTL_FAST_MATH = YES;
				ONLY_ACTIVE_ARCH = YES;
				SDKROOT = iphoneos;
				SWIFT_ACTIVE_COMPILATION_CONDITIONS = "DEBUG $(inherited)";
				SWIFT_OPTIMIZATION_LEVEL = "-Onone";
			};
			name = Debug;
		};
		04F89E592CA519F600C14C5F /* Release */ = {
			isa = XCBuildConfiguration;
			buildSettings = {
				ALWAYS_SEARCH_USER_PATHS = NO;
				ASSETCATALOG_COMPILER_GENERATE_SWIFT_ASSET_SYMBOL_EXTENSIONS = YES;
				CLANG_ANALYZER_NONNULL = YES;
				CLANG_ANALYZER_NUMBER_OBJECT_CONVERSION = YES_AGGRESSIVE;
				CLANG_CXX_LANGUAGE_STANDARD = "gnu++20";
				CLANG_ENABLE_MODULES = YES;
				CLANG_ENABLE_OBJC_ARC = YES;
				CLANG_ENABLE_OBJC_WEAK = YES;
				CLANG_WARN_BLOCK_CAPTURE_AUTORELEASING = YES;
				CLANG_WARN_BOOL_CONVERSION = YES;
				CLANG_WARN_COMMA = YES;
				CLANG_WARN_CONSTANT_CONVERSION = YES;
				CLANG_WARN_DEPRECATED_OBJC_IMPLEMENTATIONS = YES;
				CLANG_WARN_DIRECT_OBJC_ISA_USAGE = YES_ERROR;
				CLANG_WARN_DOCUMENTATION_COMMENTS = YES;
				CLANG_WARN_EMPTY_BODY = YES;
				CLANG_WARN_ENUM_CONVERSION = YES;
				CLANG_WARN_INFINITE_RECURSION = YES;
				CLANG_WARN_INT_CONVERSION = YES;
				CLANG_WARN_NON_LITERAL_NULL_CONVERSION = YES;
				CLANG_WARN_OBJC_IMPLICIT_RETAIN_SELF = YES;
				CLANG_WARN_OBJC_LITERAL_CONVERSION = YES;
				CLANG_WARN_OBJC_ROOT_CLASS = YES_ERROR;
				CLANG_WARN_QUOTED_INCLUDE_IN_FRAMEWORK_HEADER = YES;
				CLANG_WARN_RANGE_LOOP_ANALYSIS = YES;
				CLANG_WARN_STRICT_PROTOTYPES = YES;
				CLANG_WARN_SUSPICIOUS_MOVE = YES;
				CLANG_WARN_UNGUARDED_AVAILABILITY = YES_AGGRESSIVE;
				CLANG_WARN_UNREACHABLE_CODE = YES;
				CLANG_WARN__DUPLICATE_METHOD_MATCH = YES;
				COPY_PHASE_STRIP = NO;
				DEBUG_INFORMATION_FORMAT = "dwarf-with-dsym";
				ENABLE_NS_ASSERTIONS = NO;
				ENABLE_STRICT_OBJC_MSGSEND = YES;
				ENABLE_USER_SCRIPT_SANDBOXING = YES;
				GCC_C_LANGUAGE_STANDARD = gnu17;
				GCC_NO_COMMON_BLOCKS = YES;
				GCC_WARN_64_TO_32_BIT_CONVERSION = YES;
				GCC_WARN_ABOUT_RETURN_TYPE = YES_ERROR;
				GCC_WARN_UNDECLARED_SELECTOR = YES;
				GCC_WARN_UNINITIALIZED_AUTOS = YES_AGGRESSIVE;
				GCC_WARN_UNUSED_FUNCTION = YES;
				GCC_WARN_UNUSED_VARIABLE = YES;
				IPHONEOS_DEPLOYMENT_TARGET = 17.0;
				LOCALIZATION_PREFERS_STRING_CATALOGS = YES;
				MTL_ENABLE_DEBUG_INFO = NO;
				MTL_FAST_MATH = YES;
				SDKROOT = iphoneos;
				SWIFT_COMPILATION_MODE = wholemodule;
				VALIDATE_PRODUCT = YES;
			};
			name = Release;
		};
		04F89E5B2CA519F600C14C5F /* Debug */ = {
			isa = XCBuildConfiguration;
			buildSettings = {
				ASSETCATALOG_COMPILER_APPICON_NAME = AppIcon;
				ASSETCATALOG_COMPILER_GLOBAL_ACCENT_COLOR_NAME = AccentColor;
				CODE_SIGN_STYLE = Automatic;
				CURRENT_PROJECT_VERSION = 1;
				DEVELOPMENT_ASSET_PATHS = "\"GroceriesShopApp/Preview Content\"";
				DEVELOPMENT_TEAM = 7D4KB9688V;
				ENABLE_PREVIEWS = YES;
				GENERATE_INFOPLIST_FILE = YES;
				INFOPLIST_FILE = GroceriesShopApp/Info.plist;
				INFOPLIST_KEY_UIApplicationSceneManifest_Generation = YES;
				INFOPLIST_KEY_UIApplicationSupportsIndirectInputEvents = YES;
				INFOPLIST_KEY_UILaunchScreen_Generation = YES;
				INFOPLIST_KEY_UILaunchStoryboardName = "Launch Screen.storyboard";
				INFOPLIST_KEY_UIStatusBarHidden = YES;
				INFOPLIST_KEY_UISupportedInterfaceOrientations = UIInterfaceOrientationPortrait;
				INFOPLIST_KEY_UISupportedInterfaceOrientations_iPad = "UIInterfaceOrientationLandscapeLeft UIInterfaceOrientationLandscapeRight UIInterfaceOrientationPortrait";
				IPHONEOS_DEPLOYMENT_TARGET = 14.0;
				LD_RUNPATH_SEARCH_PATHS = (
					"$(inherited)",
					"@executable_path/Frameworks",
				);
				MARKETING_VERSION = 1.0;
				PRODUCT_BUNDLE_IDENTIFIER = com.longvo.GroceriesShopApp;
				PRODUCT_NAME = "$(TARGET_NAME)";
				SUPPORTED_PLATFORMS = "iphoneos iphonesimulator";
				SUPPORTS_MACCATALYST = NO;
				SUPPORTS_MAC_DESIGNED_FOR_IPHONE_IPAD = NO;
				SWIFT_EMIT_LOC_STRINGS = YES;
				SWIFT_VERSION = 5.0;
				TARGETED_DEVICE_FAMILY = 1;
			};
			name = Debug;
		};
		04F89E5C2CA519F600C14C5F /* Release */ = {
			isa = XCBuildConfiguration;
			buildSettings = {
				ASSETCATALOG_COMPILER_APPICON_NAME = AppIcon;
				ASSETCATALOG_COMPILER_GLOBAL_ACCENT_COLOR_NAME = AccentColor;
				CODE_SIGN_STYLE = Automatic;
				CURRENT_PROJECT_VERSION = 1;
				DEVELOPMENT_ASSET_PATHS = "\"GroceriesShopApp/Preview Content\"";
				DEVELOPMENT_TEAM = 7D4KB9688V;
				ENABLE_PREVIEWS = YES;
				GENERATE_INFOPLIST_FILE = YES;
				INFOPLIST_FILE = GroceriesShopApp/Info.plist;
				INFOPLIST_KEY_UIApplicationSceneManifest_Generation = YES;
				INFOPLIST_KEY_UIApplicationSupportsIndirectInputEvents = YES;
				INFOPLIST_KEY_UILaunchScreen_Generation = YES;
				INFOPLIST_KEY_UILaunchStoryboardName = "Launch Screen.storyboard";
				INFOPLIST_KEY_UIStatusBarHidden = YES;
				INFOPLIST_KEY_UISupportedInterfaceOrientations = UIInterfaceOrientationPortrait;
				INFOPLIST_KEY_UISupportedInterfaceOrientations_iPad = "UIInterfaceOrientationLandscapeLeft UIInterfaceOrientationLandscapeRight UIInterfaceOrientationPortrait";
				IPHONEOS_DEPLOYMENT_TARGET = 14.0;
				LD_RUNPATH_SEARCH_PATHS = (
					"$(inherited)",
					"@executable_path/Frameworks",
				);
				MARKETING_VERSION = 1.0;
				PRODUCT_BUNDLE_IDENTIFIER = com.longvo.GroceriesShopApp;
				PRODUCT_NAME = "$(TARGET_NAME)";
				SUPPORTED_PLATFORMS = "iphoneos iphonesimulator";
				SUPPORTS_MACCATALYST = NO;
				SUPPORTS_MAC_DESIGNED_FOR_IPHONE_IPAD = NO;
				SWIFT_EMIT_LOC_STRINGS = YES;
				SWIFT_VERSION = 5.0;
				TARGETED_DEVICE_FAMILY = 1;
			};
			name = Release;
		};
		04F89E5E2CA519F600C14C5F /* Debug */ = {
			isa = XCBuildConfiguration;
			buildSettings = {
				ALWAYS_EMBED_SWIFT_STANDARD_LIBRARIES = YES;
				BUNDLE_LOADER = "$(TEST_HOST)";
				CODE_SIGN_STYLE = Automatic;
				CURRENT_PROJECT_VERSION = 1;
				DEVELOPMENT_TEAM = 7D4KB9688V;
				GENERATE_INFOPLIST_FILE = YES;
				IPHONEOS_DEPLOYMENT_TARGET = 17.0;
				MARKETING_VERSION = 1.0;
				PRODUCT_BUNDLE_IDENTIFIER = com.longvo.GroceriesShopAppTests;
				PRODUCT_NAME = "$(TARGET_NAME)";
				SWIFT_EMIT_LOC_STRINGS = NO;
				SWIFT_VERSION = 5.0;
				TARGETED_DEVICE_FAMILY = "1,2";
				TEST_HOST = "$(BUILT_PRODUCTS_DIR)/GroceriesShopApp.app/$(BUNDLE_EXECUTABLE_FOLDER_PATH)/GroceriesShopApp";
			};
			name = Debug;
		};
		04F89E5F2CA519F600C14C5F /* Release */ = {
			isa = XCBuildConfiguration;
			buildSettings = {
				ALWAYS_EMBED_SWIFT_STANDARD_LIBRARIES = YES;
				BUNDLE_LOADER = "$(TEST_HOST)";
				CODE_SIGN_STYLE = Automatic;
				CURRENT_PROJECT_VERSION = 1;
				DEVELOPMENT_TEAM = 7D4KB9688V;
				GENERATE_INFOPLIST_FILE = YES;
				IPHONEOS_DEPLOYMENT_TARGET = 17.0;
				MARKETING_VERSION = 1.0;
				PRODUCT_BUNDLE_IDENTIFIER = com.longvo.GroceriesShopAppTests;
				PRODUCT_NAME = "$(TARGET_NAME)";
				SWIFT_EMIT_LOC_STRINGS = NO;
				SWIFT_VERSION = 5.0;
				TARGETED_DEVICE_FAMILY = "1,2";
				TEST_HOST = "$(BUILT_PRODUCTS_DIR)/GroceriesShopApp.app/$(BUNDLE_EXECUTABLE_FOLDER_PATH)/GroceriesShopApp";
			};
			name = Release;
		};
		04F89E612CA519F600C14C5F /* Debug */ = {
			isa = XCBuildConfiguration;
			buildSettings = {
				ALWAYS_EMBED_SWIFT_STANDARD_LIBRARIES = YES;
				CODE_SIGN_STYLE = Automatic;
				CURRENT_PROJECT_VERSION = 1;
				DEVELOPMENT_TEAM = 7D4KB9688V;
				GENERATE_INFOPLIST_FILE = YES;
				MARKETING_VERSION = 1.0;
				PRODUCT_BUNDLE_IDENTIFIER = com.longvo.GroceriesShopAppUITests;
				PRODUCT_NAME = "$(TARGET_NAME)";
				SWIFT_EMIT_LOC_STRINGS = NO;
				SWIFT_VERSION = 5.0;
				TARGETED_DEVICE_FAMILY = "1,2";
				TEST_TARGET_NAME = GroceriesShopApp;
			};
			name = Debug;
		};
		04F89E622CA519F600C14C5F /* Release */ = {
			isa = XCBuildConfiguration;
			buildSettings = {
				ALWAYS_EMBED_SWIFT_STANDARD_LIBRARIES = YES;
				CODE_SIGN_STYLE = Automatic;
				CURRENT_PROJECT_VERSION = 1;
				DEVELOPMENT_TEAM = 7D4KB9688V;
				GENERATE_INFOPLIST_FILE = YES;
				MARKETING_VERSION = 1.0;
				PRODUCT_BUNDLE_IDENTIFIER = com.longvo.GroceriesShopAppUITests;
				PRODUCT_NAME = "$(TARGET_NAME)";
				SWIFT_EMIT_LOC_STRINGS = NO;
				SWIFT_VERSION = 5.0;
				TARGETED_DEVICE_FAMILY = "1,2";
				TEST_TARGET_NAME = GroceriesShopApp;
			};
			name = Release;
		};
/* End XCBuildConfiguration section */

/* Begin XCConfigurationList section */
		04F89E312CA519F400C14C5F /* Build configuration list for PBXProject "GroceriesShopApp" */ = {
			isa = XCConfigurationList;
			buildConfigurations = (
				04F89E582CA519F600C14C5F /* Debug */,
				04F89E592CA519F600C14C5F /* Release */,
			);
			defaultConfigurationIsVisible = 0;
			defaultConfigurationName = Release;
		};
		04F89E5A2CA519F600C14C5F /* Build configuration list for PBXNativeTarget "GroceriesShopApp" */ = {
			isa = XCConfigurationList;
			buildConfigurations = (
				04F89E5B2CA519F600C14C5F /* Debug */,
				04F89E5C2CA519F600C14C5F /* Release */,
			);
			defaultConfigurationIsVisible = 0;
			defaultConfigurationName = Release;
		};
		04F89E5D2CA519F600C14C5F /* Build configuration list for PBXNativeTarget "GroceriesShopAppTests" */ = {
			isa = XCConfigurationList;
			buildConfigurations = (
				04F89E5E2CA519F600C14C5F /* Debug */,
				04F89E5F2CA519F600C14C5F /* Release */,
			);
			defaultConfigurationIsVisible = 0;
			defaultConfigurationName = Release;
		};
		04F89E602CA519F600C14C5F /* Build configuration list for PBXNativeTarget "GroceriesShopAppUITests" */ = {
			isa = XCConfigurationList;
			buildConfigurations = (
				04F89E612CA519F600C14C5F /* Debug */,
				04F89E622CA519F600C14C5F /* Release */,
			);
			defaultConfigurationIsVisible = 0;
			defaultConfigurationName = Release;
		};
/* End XCConfigurationList section */

/* Begin XCRemoteSwiftPackageReference section */
		041BA4912CAD43F200C47A7D /* XCRemoteSwiftPackageReference "SDWebImageSwiftUI" */ = {
			isa = XCRemoteSwiftPackageReference;
			repositoryURL = "https://github.com/SDWebImage/SDWebImageSwiftUI.git";
			requirement = {
				kind = upToNextMajorVersion;
				minimumVersion = 3.1.2;
			};
		};
		04F89E7C2CA5564300C14C5F /* XCRemoteSwiftPackageReference "CountryPicker" */ = {
			isa = XCRemoteSwiftPackageReference;
			repositoryURL = "https://github.com/mobven/CountryPicker.git";
			requirement = {
				kind = upToNextMajorVersion;
				minimumVersion = 2.0.3;
			};
		};
/* End XCRemoteSwiftPackageReference section */

/* Begin XCSwiftPackageProductDependency section */
		041BA4922CAD43F200C47A7D /* SDWebImageSwiftUI */ = {
			isa = XCSwiftPackageProductDependency;
			package = 041BA4912CAD43F200C47A7D /* XCRemoteSwiftPackageReference "SDWebImageSwiftUI" */;
			productName = SDWebImageSwiftUI;
		};
		04F89E7D2CA5564300C14C5F /* CountryPicker */ = {
			isa = XCSwiftPackageProductDependency;
			package = 04F89E7C2CA5564300C14C5F /* XCRemoteSwiftPackageReference "CountryPicker" */;
			productName = CountryPicker;
		};
/* End XCSwiftPackageProductDependency section */
	};
	rootObject = 04F89E2E2CA519F400C14C5F /* Project object */;
}
