// !$*UTF8*$!
{
	archiveVersion = 1;
	classes = {
	};
	objectVersion = 56;
	objects = {

/* Begin PBXBuildFile section */
		04F89E3A2CA519F400C14C5F /* GroceriesShopAppApp.swift in Sources */ = {isa = PBXBuildFile; fileRef = 04F89E392CA519F400C14C5F /* GroceriesShopAppApp.swift */; };
		04F89E3C2CA519F400C14C5F /* ContentView.swift in Sources */ = {isa = PBXBuildFile; fileRef = 04F89E3B2CA519F400C14C5F /* ContentView.swift */; };
		04F89E3E2CA519F600C14C5F /* Assets.xcassets in Resources */ = {isa = PBXBuildFile; fileRef = 04F89E3D2CA519F600C14C5F /* Assets.xcassets */; };
		04F89E412CA519F600C14C5F /* Preview Assets.xcassets in Resources */ = {isa = PBXBuildFile; fileRef = 04F89E402CA519F600C14C5F /* Preview Assets.xcassets */; };
		04F89E4B2CA519F600C14C5F /* GroceriesShopAppTests.swift in Sources */ = {isa = PBXBuildFile; fileRef = 04F89E4A2CA519F600C14C5F /* GroceriesShopAppTests.swift */; };
		04F89E552CA519F600C14C5F /* GroceriesShopAppUITests.swift in Sources */ = {isa = PBXBuildFile; fileRef = 04F89E542CA519F600C14C5F /* GroceriesShopAppUITests.swift */; };
		04F89E572CA519F600C14C5F /* GroceriesShopAppUITestsLaunchTests.swift in Sources */ = {isa = PBXBuildFile; fileRef = 04F89E562CA519F600C14C5F /* GroceriesShopAppUITestsLaunchTests.swift */; };
		04F89E672CA51E1400C14C5F /* Gilroy-SemiBold.ttf in Resources */ = {isa = PBXBuildFile; fileRef = 04F89E642CA51E1400C14C5F /* Gilroy-SemiBold.ttf */; };
		04F89E682CA51E1400C14C5F /* Gilroy-Bold.ttf in Resources */ = {isa = PBXBuildFile; fileRef = 04F89E652CA51E1400C14C5F /* Gilroy-Bold.ttf */; };
		04F89E692CA51E1400C14C5F /* Gilroy-Regular.ttf in Resources */ = {isa = PBXBuildFile; fileRef = 04F89E662CA51E1400C14C5F /* Gilroy-Regular.ttf */; };
/* End PBXBuildFile section */

/* Begin PBXContainerItemProxy section */
		04F89E472CA519F600C14C5F /* PBXContainerItemProxy */ = {
			isa = PBXContainerItemProxy;
			containerPortal = 04F89E2E2CA519F400C14C5F /* Project object */;
			proxyType = 1;
			remoteGlobalIDString = 04F89E352CA519F400C14C5F;
			remoteInfo = GroceriesShopApp;
		};
		04F89E512CA519F600C14C5F /* PBXContainerItemProxy */ = {
			isa = PBXContainerItemProxy;
			containerPortal = 04F89E2E2CA519F400C14C5F /* Project object */;
			proxyType = 1;
			remoteGlobalIDString = 04F89E352CA519F400C14C5F;
			remoteInfo = GroceriesShopApp;
		};
/* End PBXContainerItemProxy section */

/* Begin PBXFileReference section */
		04F89E362CA519F400C14C5F /* GroceriesShopApp.app */ = {isa = PBXFileReference; explicitFileType = wrapper.application; includeInIndex = 0; path = GroceriesShopApp.app; sourceTree = BUILT_PRODUCTS_DIR; };
		04F89E392CA519F400C14C5F /* GroceriesShopAppApp.swift */ = {isa = PBXFileReference; lastKnownFileType = sourcecode.swift; path = GroceriesShopAppApp.swift; sourceTree = "<group>"; };
		04F89E3B2CA519F400C14C5F /* ContentView.swift */ = {isa = PBXFileReference; lastKnownFileType = sourcecode.swift; path = ContentView.swift; sourceTree = "<group>"; };
		04F89E3D2CA519F600C14C5F /* Assets.xcassets */ = {isa = PBXFileReference; lastKnownFileType = folder.assetcatalog; path = Assets.xcassets; sourceTree = "<group>"; };
		04F89E402CA519F600C14C5F /* Preview Assets.xcassets */ = {isa = PBXFileReference; lastKnownFileType = folder.assetcatalog; path = "Preview Assets.xcassets"; sourceTree = "<group>"; };
		04F89E462CA519F600C14C5F /* GroceriesShopAppTests.xctest */ = {isa = PBXFileReference; explicitFileType = wrapper.cfbundle; includeInIndex = 0; path = GroceriesShopAppTests.xctest; sourceTree = BUILT_PRODUCTS_DIR; };
		04F89E4A2CA519F600C14C5F /* GroceriesShopAppTests.swift */ = {isa = PBXFileReference; lastKnownFileType = sourcecode.swift; path = GroceriesShopAppTests.swift; sourceTree = "<group>"; };
		04F89E502CA519F600C14C5F /* GroceriesShopAppUITests.xctest */ = {isa = PBXFileReference; explicitFileType = wrapper.cfbundle; includeInIndex = 0; path = GroceriesShopAppUITests.xctest; sourceTree = BUILT_PRODUCTS_DIR; };
		04F89E542CA519F600C14C5F /* GroceriesShopAppUITests.swift */ = {isa = PBXFileReference; lastKnownFileType = sourcecode.swift; path = GroceriesShopAppUITests.swift; sourceTree = "<group>"; };
		04F89E562CA519F600C14C5F /* GroceriesShopAppUITestsLaunchTests.swift */ = {isa = PBXFileReference; lastKnownFileType = sourcecode.swift; path = GroceriesShopAppUITestsLaunchTests.swift; sourceTree = "<group>"; };
		04F89E642CA51E1400C14C5F /* Gilroy-SemiBold.ttf */ = {isa = PBXFileReference; lastKnownFileType = file; path = "Gilroy-SemiBold.ttf"; sourceTree = "<group>"; };
		04F89E652CA51E1400C14C5F /* Gilroy-Bold.ttf */ = {isa = PBXFileReference; lastKnownFileType = file; path = "Gilroy-Bold.ttf"; sourceTree = "<group>"; };
		04F89E662CA51E1400C14C5F /* Gilroy-Regular.ttf */ = {isa = PBXFileReference; lastKnownFileType = file; path = "Gilroy-Regular.ttf"; sourceTree = "<group>"; };
/* End PBXFileReference section */

/* Begin PBXFrameworksBuildPhase section */
		04F89E332CA519F400C14C5F /* Frameworks */ = {
			isa = PBXFrameworksBuildPhase;
			buildActionMask = 2147483647;
			files = (
			);
			runOnlyForDeploymentPostprocessing = 0;
		};
		04F89E432CA519F600C14C5F /* Frameworks */ = {
			isa = PBXFrameworksBuildPhase;
			buildActionMask = 2147483647;
			files = (
			);
			runOnlyForDeploymentPostprocessing = 0;
		};
		04F89E4D2CA519F600C14C5F /* Frameworks */ = {
			isa = PBXFrameworksBuildPhase;
			buildActionMask = 2147483647;
			files = (
			);
			runOnlyForDeploymentPostprocessing = 0;
		};
/* End PBXFrameworksBuildPhase section */

/* Begin PBXGroup section */
		04F89E2D2CA519F400C14C5F = {
			isa = PBXGroup;
			children = (
				04F89E382CA519F400C14C5F /* GroceriesShopApp */,
				04F89E492CA519F600C14C5F /* GroceriesShopAppTests */,
				04F89E532CA519F600C14C5F /* GroceriesShopAppUITests */,
				04F89E372CA519F400C14C5F /* Products */,
			);
			sourceTree = "<group>";
		};
		04F89E372CA519F400C14C5F /* Products */ = {
			isa = PBXGroup;
			children = (
				04F89E362CA519F400C14C5F /* GroceriesShopApp.app */,
				04F89E462CA519F600C14C5F /* GroceriesShopAppTests.xctest */,
				04F89E502CA519F600C14C5F /* GroceriesShopAppUITests.xctest */,
			);
			name = Products;
			sourceTree = "<group>";
		};
		04F89E382CA519F400C14C5F /* GroceriesShopApp */ = {
			isa = PBXGroup;
			children = (
				04F89E632CA51D8000C14C5F /* font */,
				04F89E392CA519F400C14C5F /* GroceriesShopAppApp.swift */,
				04F89E3B2CA519F400C14C5F /* ContentView.swift */,
				04F89E3D2CA519F600C14C5F /* Assets.xcassets */,
				04F89E3F2CA519F600C14C5F /* Preview Content */,
			);
			path = GroceriesShopApp;
			sourceTree = "<group>";
		};
		04F89E3F2CA519F600C14C5F /* Preview Content */ = {
			isa = PBXGroup;
			children = (
				04F89E402CA519F600C14C5F /* Preview Assets.xcassets */,
			);
			path = "Preview Content";
			sourceTree = "<group>";
		};
		04F89E492CA519F600C14C5F /* GroceriesShopAppTests */ = {
			isa = PBXGroup;
			children = (
				04F89E4A2CA519F600C14C5F /* GroceriesShopAppTests.swift */,
			);
			path = GroceriesShopAppTests;
			sourceTree = "<group>";
		};
		04F89E532CA519F600C14C5F /* GroceriesShopAppUITests */ = {
			isa = PBXGroup;
			children = (
				04F89E542CA519F600C14C5F /* GroceriesShopAppUITests.swift */,
				04F89E562CA519F600C14C5F /* GroceriesShopAppUITestsLaunchTests.swift */,
			);
			path = GroceriesShopAppUITests;
			sourceTree = "<group>";
		};
		04F89E632CA51D8000C14C5F /* font */ = {
			isa = PBXGroup;
			children = (
				04F89E652CA51E1400C14C5F /* Gilroy-Bold.ttf */,
				04F89E662CA51E1400C14C5F /* Gilroy-Regular.ttf */,
				04F89E642CA51E1400C14C5F /* Gilroy-SemiBold.ttf */,
			);
			path = font;
			sourceTree = "<group>";
		};
/* End PBXGroup section */

/* Begin PBXNativeTarget section */
		04F89E352CA519F400C14C5F /* GroceriesShopApp */ = {
			isa = PBXNativeTarget;
			buildConfigurationList = 04F89E5A2CA519F600C14C5F /* Build configuration list for PBXNativeTarget "GroceriesShopApp" */;
			buildPhases = (
				04F89E322CA519F400C14C5F /* Sources */,
				04F89E332CA519F400C14C5F /* Frameworks */,
				04F89E342CA519F400C14C5F /* Resources */,
			);
			buildRules = (
			);
			dependencies = (
			);
			name = GroceriesShopApp;
			productName = GroceriesShopApp;
			productReference = 04F89E362CA519F400C14C5F /* GroceriesShopApp.app */;
			productType = "com.apple.product-type.application";
		};
		04F89E452CA519F600C14C5F /* GroceriesShopAppTests */ = {
			isa = PBXNativeTarget;
			buildConfigurationList = 04F89E5D2CA519F600C14C5F /* Build configuration list for PBXNativeTarget "GroceriesShopAppTests" */;
			buildPhases = (
				04F89E422CA519F600C14C5F /* Sources */,
				04F89E432CA519F600C14C5F /* Frameworks */,
				04F89E442CA519F600C14C5F /* Resources */,
			);
			buildRules = (
			);
			dependencies = (
				04F89E482CA519F600C14C5F /* PBXTargetDependency */,
			);
			name = GroceriesShopAppTests;
			productName = GroceriesShopAppTests;
			productReference = 04F89E462CA519F600C14C5F /* GroceriesShopAppTests.xctest */;
			productType = "com.apple.product-type.bundle.unit-test";
		};
		04F89E4F2CA519F600C14C5F /* GroceriesShopAppUITests */ = {
			isa = PBXNativeTarget;
			buildConfigurationList = 04F89E602CA519F600C14C5F /* Build configuration list for PBXNativeTarget "GroceriesShopAppUITests" */;
			buildPhases = (
				04F89E4C2CA519F600C14C5F /* Sources */,
				04F89E4D2CA519F600C14C5F /* Frameworks */,
				04F89E4E2CA519F600C14C5F /* Resources */,
			);
			buildRules = (
			);
			dependencies = (
				04F89E522CA519F600C14C5F /* PBXTargetDependency */,
			);
			name = GroceriesShopAppUITests;
			productName = GroceriesShopAppUITests;
			productReference = 04F89E502CA519F600C14C5F /* GroceriesShopAppUITests.xctest */;
			productType = "com.apple.product-type.bundle.ui-testing";
		};
/* End PBXNativeTarget section */

/* Begin PBXProject section */
		04F89E2E2CA519F400C14C5F /* Project object */ = {
			isa = PBXProject;
			attributes = {
				BuildIndependentTargetsInParallel = 1;
				LastSwiftUpdateCheck = 1500;
				LastUpgradeCheck = 1500;
				TargetAttributes = {
					04F89E352CA519F400C14C5F = {
						CreatedOnToolsVersion = 15.0.1;
					};
					04F89E452CA519F600C14C5F = {
						CreatedOnToolsVersion = 15.0.1;
						TestTargetID = 04F89E352CA519F400C14C5F;
					};
					04F89E4F2CA519F600C14C5F = {
						CreatedOnToolsVersion = 15.0.1;
						TestTargetID = 04F89E352CA519F400C14C5F;
					};
				};
			};
			buildConfigurationList = 04F89E312CA519F400C14C5F /* Build configuration list for PBXProject "GroceriesShopApp" */;
			compatibilityVersion = "Xcode 14.0";
			developmentRegion = en;
			hasScannedForEncodings = 0;
			knownRegions = (
				en,
				Base,
			);
			mainGroup = 04F89E2D2CA519F400C14C5F;
			productRefGroup = 04F89E372CA519F400C14C5F /* Products */;
			projectDirPath = "";
			projectRoot = "";
			targets = (
				04F89E352CA519F400C14C5F /* GroceriesShopApp */,
				04F89E452CA519F600C14C5F /* GroceriesShopAppTests */,
				04F89E4F2CA519F600C14C5F /* GroceriesShopAppUITests */,
			);
		};
/* End PBXProject section */

/* Begin PBXResourcesBuildPhase section */
		04F89E342CA519F400C14C5F /* Resources */ = {
			isa = PBXResourcesBuildPhase;
			buildActionMask = 2147483647;
			files = (
				04F89E692CA51E1400C14C5F /* Gilroy-Regular.ttf in Resources */,
				04F89E412CA519F600C14C5F /* Preview Assets.xcassets in Resources */,
				04F89E672CA51E1400C14C5F /* Gilroy-SemiBold.ttf in Resources */,
				04F89E3E2CA519F600C14C5F /* Assets.xcassets in Resources */,
				04F89E682CA51E1400C14C5F /* Gilroy-Bold.ttf in Resources */,
			);
			runOnlyForDeploymentPostprocessing = 0;
		};
		04F89E442CA519F600C14C5F /* Resources */ = {
			isa = PBXResourcesBuildPhase;
			buildActionMask = 2147483647;
			files = (
			);
			runOnlyForDeploymentPostprocessing = 0;
		};
		04F89E4E2CA519F600C14C5F /* Resources */ = {
			isa = PBXResourcesBuildPhase;
			buildActionMask = 2147483647;
			files = (
			);
			runOnlyForDeploymentPostprocessing = 0;
		};
/* End PBXResourcesBuildPhase section */

/* Begin PBXSourcesBuildPhase section */
		04F89E322CA519F400C14C5F /* Sources */ = {
			isa = PBXSourcesBuildPhase;
			buildActionMask = 2147483647;
			files = (
				04F89E3C2CA519F400C14C5F /* ContentView.swift in Sources */,
				04F89E3A2CA519F400C14C5F /* GroceriesShopAppApp.swift in Sources */,
			);
			runOnlyForDeploymentPostprocessing = 0;
		};
		04F89E422CA519F600C14C5F /* Sources */ = {
			isa = PBXSourcesBuildPhase;
			buildActionMask = 2147483647;
			files = (
				04F89E4B2CA519F600C14C5F /* GroceriesShopAppTests.swift in Sources */,
			);
			runOnlyForDeploymentPostprocessing = 0;
		};
		04F89E4C2CA519F600C14C5F /* Sources */ = {
			isa = PBXSourcesBuildPhase;
			buildActionMask = 2147483647;
			files = (
				04F89E572CA519F600C14C5F /* GroceriesShopAppUITestsLaunchTests.swift in Sources */,
				04F89E552CA519F600C14C5F /* GroceriesShopAppUITests.swift in Sources */,
			);
			runOnlyForDeploymentPostprocessing = 0;
		};
/* End PBXSourcesBuildPhase section */

/* Begin PBXTargetDependency section */
		04F89E482CA519F600C14C5F /* PBXTargetDependency */ = {
			isa = PBXTargetDependency;
			target = 04F89E352CA519F400C14C5F /* GroceriesShopApp */;
			targetProxy = 04F89E472CA519F600C14C5F /* PBXContainerItemProxy */;
		};
		04F89E522CA519F600C14C5F /* PBXTargetDependency */ = {
			isa = PBXTargetDependency;
			target = 04F89E352CA519F400C14C5F /* GroceriesShopApp */;
			targetProxy = 04F89E512CA519F600C14C5F /* PBXContainerItemProxy */;
		};
/* End PBXTargetDependency section */

/* Begin XCBuildConfiguration section */
		04F89E582CA519F600C14C5F /* Debug */ = {
			isa = XCBuildConfiguration;
			buildSettings = {
				ALWAYS_SEARCH_USER_PATHS = NO;
				ASSETCATALOG_COMPILER_GENERATE_SWIFT_ASSET_SYMBOL_EXTENSIONS = YES;
				CLANG_ANALYZER_NONNULL = YES;
				CLANG_ANALYZER_NUMBER_OBJECT_CONVERSION = YES_AGGRESSIVE;
				CLANG_CXX_LANGUAGE_STANDARD = "gnu++20";
				CLANG_ENABLE_MODULES = YES;
				CLANG_ENABLE_OBJC_ARC = YES;
				CLANG_ENABLE_OBJC_WEAK = YES;
				CLANG_WARN_BLOCK_CAPTURE_AUTORELEASING = YES;
				CLANG_WARN_BOOL_CONVERSION = YES;
				CLANG_WARN_COMMA = YES;
				CLANG_WARN_CONSTANT_CONVERSION = YES;
				CLANG_WARN_DEPRECATED_OBJC_IMPLEMENTATIONS = YES;
				CLANG_WARN_DIRECT_OBJC_ISA_USAGE = YES_ERROR;
				CLANG_WARN_DOCUMENTATION_COMMENTS = YES;
				CLANG_WARN_EMPTY_BODY = YES;
				CLANG_WARN_ENUM_CONVERSION = YES;
				CLANG_WARN_INFINITE_RECURSION = YES;
				CLANG_WARN_INT_CONVERSION = YES;
				CLANG_WARN_NON_LITERAL_NULL_CONVERSION = YES;
				CLANG_WARN_OBJC_IMPLICIT_RETAIN_SELF = YES;
				CLANG_WARN_OBJC_LITERAL_CONVERSION = YES;
				CLANG_WARN_OBJC_ROOT_CLASS = YES_ERROR;
				CLANG_WARN_QUOTED_INCLUDE_IN_FRAMEWORK_HEADER = YES;
				CLANG_WARN_RANGE_LOOP_ANALYSIS = YES;
				CLANG_WARN_STRICT_PROTOTYPES = YES;
				CLANG_WARN_SUSPICIOUS_MOVE = YES;
				CLANG_WARN_UNGUARDED_AVAILABILITY = YES_AGGRESSIVE;
				CLANG_WARN_UNREACHABLE_CODE = YES;
				CLANG_WARN__DUPLICATE_METHOD_MATCH = YES;
				COPY_PHASE_STRIP = NO;
				DEBUG_INFORMATION_FORMAT = dwarf;
				ENABLE_STRICT_OBJC_MSGSEND = YES;
				ENABLE_TESTABILITY = YES;
				ENABLE_USER_SCRIPT_SANDBOXING = YES;
				GCC_C_LANGUAGE_STANDARD = gnu17;
				GCC_DYNAMIC_NO_PIC = NO;
				GCC_NO_COMMON_BLOCKS = YES;
				GCC_OPTIMIZATION_LEVEL = 0;
				GCC_PREPROCESSOR_DEFINITIONS = (
					"DEBUG=1",
					"$(inherited)",
				);
				GCC_WARN_64_TO_32_BIT_CONVERSION = YES;
				GCC_WARN_ABOUT_RETURN_TYPE = YES_ERROR;
				GCC_WARN_UNDECLARED_SELECTOR = YES;
				GCC_WARN_UNINITIALIZED_AUTOS = YES_AGGRESSIVE;
				GCC_WARN_UNUSED_FUNCTION = YES;
				GCC_WARN_UNUSED_VARIABLE = YES;
				IPHONEOS_DEPLOYMENT_TARGET = 17.0;
				LOCALIZATION_PREFERS_STRING_CATALOGS = YES;
				MTL_ENABLE_DEBUG_INFO = INCLUDE_SOURCE;
				MTL_FAST_MATH = YES;
				ONLY_ACTIVE_ARCH = YES;
				SDKROOT = iphoneos;
				SWIFT_ACTIVE_COMPILATION_CONDITIONS = "DEBUG $(inherited)";
				SWIFT_OPTIMIZATION_LEVEL = "-Onone";
			};
			name = Debug;
		};
		04F89E592CA519F600C14C5F /* Release */ = {
			isa = XCBuildConfiguration;
			buildSettings = {
				ALWAYS_SEARCH_USER_PATHS = NO;
				ASSETCATALOG_COMPILER_GENERATE_SWIFT_ASSET_SYMBOL_EXTENSIONS = YES;
				CLANG_ANALYZER_NONNULL = YES;
				CLANG_ANALYZER_NUMBER_OBJECT_CONVERSION = YES_AGGRESSIVE;
				CLANG_CXX_LANGUAGE_STANDARD = "gnu++20";
				CLANG_ENABLE_MODULES = YES;
				CLANG_ENABLE_OBJC_ARC = YES;
				CLANG_ENABLE_OBJC_WEAK = YES;
				CLANG_WARN_BLOCK_CAPTURE_AUTORELEASING = YES;
				CLANG_WARN_BOOL_CONVERSION = YES;
				CLANG_WARN_COMMA = YES;
				CLANG_WARN_CONSTANT_CONVERSION = YES;
				CLANG_WARN_DEPRECATED_OBJC_IMPLEMENTATIONS = YES;
				CLANG_WARN_DIRECT_OBJC_ISA_USAGE = YES_ERROR;
				CLANG_WARN_DOCUMENTATION_COMMENTS = YES;
				CLANG_WARN_EMPTY_BODY = YES;
				CLANG_WARN_ENUM_CONVERSION = YES;
				CLANG_WARN_INFINITE_RECURSION = YES;
				CLANG_WARN_INT_CONVERSION = YES;
				CLANG_WARN_NON_LITERAL_NULL_CONVERSION = YES;
				CLANG_WARN_OBJC_IMPLICIT_RETAIN_SELF = YES;
				CLANG_WARN_OBJC_LITERAL_CONVERSION = YES;
				CLANG_WARN_OBJC_ROOT_CLASS = YES_ERROR;
				CLANG_WARN_QUOTED_INCLUDE_IN_FRAMEWORK_HEADER = YES;
				CLANG_WARN_RANGE_LOOP_ANALYSIS = YES;
				CLANG_WARN_STRICT_PROTOTYPES = YES;
				CLANG_WARN_SUSPICIOUS_MOVE = YES;
				CLANG_WARN_UNGUARDED_AVAILABILITY = YES_AGGRESSIVE;
				CLANG_WARN_UNREACHABLE_CODE = YES;
				CLANG_WARN__DUPLICATE_METHOD_MATCH = YES;
				COPY_PHASE_STRIP = NO;
				DEBUG_INFORMATION_FORMAT = "dwarf-with-dsym";
				ENABLE_NS_ASSERTIONS = NO;
				ENABLE_STRICT_OBJC_MSGSEND = YES;
				ENABLE_USER_SCRIPT_SANDBOXING = YES;
				GCC_C_LANGUAGE_STANDARD = gnu17;
				GCC_NO_COMMON_BLOCKS = YES;
				GCC_WARN_64_TO_32_BIT_CONVERSION = YES;
				GCC_WARN_ABOUT_RETURN_TYPE = YES_ERROR;
				GCC_WARN_UNDECLARED_SELECTOR = YES;
				GCC_WARN_UNINITIALIZED_AUTOS = YES_AGGRESSIVE;
				GCC_WARN_UNUSED_FUNCTION = YES;
				GCC_WARN_UNUSED_VARIABLE = YES;
				IPHONEOS_DEPLOYMENT_TARGET = 17.0;
				LOCALIZATION_PREFERS_STRING_CATALOGS = YES;
				MTL_ENABLE_DEBUG_INFO = NO;
				MTL_FAST_MATH = YES;
				SDKROOT = iphoneos;
				SWIFT_COMPILATION_MODE = wholemodule;
				VALIDATE_PRODUCT = YES;
			};
			name = Release;
		};
		04F89E5B2CA519F600C14C5F /* Debug */ = {
			isa = XCBuildConfiguration;
			buildSettings = {
				ASSETCATALOG_COMPILER_APPICON_NAME = AppIcon;
				ASSETCATALOG_COMPILER_GLOBAL_ACCENT_COLOR_NAME = AccentColor;
				CODE_SIGN_STYLE = Automatic;
				CURRENT_PROJECT_VERSION = 1;
				DEVELOPMENT_ASSET_PATHS = "\"GroceriesShopApp/Preview Content\"";
				DEVELOPMENT_TEAM = 7D4KB9688V;
				ENABLE_PREVIEWS = YES;
				GENERATE_INFOPLIST_FILE = YES;
				INFOPLIST_KEY_UIApplicationSceneManifest_Generation = YES;
				INFOPLIST_KEY_UIApplicationSupportsIndirectInputEvents = YES;
				INFOPLIST_KEY_UILaunchScreen_Generation = YES;
				INFOPLIST_KEY_UISupportedInterfaceOrientations_iPad = "UIInterfaceOrientationPortrait UIInterfaceOrientationPortraitUpsideDown UIInterfaceOrientationLandscapeLeft UIInterfaceOrientationLandscapeRight";
				INFOPLIST_KEY_UISupportedInterfaceOrientations_iPhone = "UIInterfaceOrientationPortrait UIInterfaceOrientationLandscapeLeft UIInterfaceOrientationLandscapeRight";
				LD_RUNPATH_SEARCH_PATHS = (
					"$(inherited)",
					"@executable_path/Frameworks",
				);
				MARKETING_VERSION = 1.0;
				PRODUCT_BUNDLE_IDENTIFIER = com.longvo.GroceriesShopApp;
				PRODUCT_NAME = "$(TARGET_NAME)";
				SWIFT_EMIT_LOC_STRINGS = YES;
				SWIFT_VERSION = 5.0;
				TARGETED_DEVICE_FAMILY = "1,2";
			};
			name = Debug;
		};
		04F89E5C2CA519F600C14C5F /* Release */ = {
			isa = XCBuildConfiguration;
			buildSettings = {
				ASSETCATALOG_COMPILER_APPICON_NAME = AppIcon;
				ASSETCATALOG_COMPILER_GLOBAL_ACCENT_COLOR_NAME = AccentColor;
				CODE_SIGN_STYLE = Automatic;
				CURRENT_PROJECT_VERSION = 1;
				DEVELOPMENT_ASSET_PATHS = "\"GroceriesShopApp/Preview Content\"";
				DEVELOPMENT_TEAM = 7D4KB9688V;
				ENABLE_PREVIEWS = YES;
				GENERATE_INFOPLIST_FILE = YES;
				INFOPLIST_KEY_UIApplicationSceneManifest_Generation = YES;
				INFOPLIST_KEY_UIApplicationSupportsIndirectInputEvents = YES;
				INFOPLIST_KEY_UILaunchScreen_Generation = YES;
				INFOPLIST_KEY_UISupportedInterfaceOrientations_iPad = "UIInterfaceOrientationPortrait UIInterfaceOrientationPortraitUpsideDown UIInterfaceOrientationLandscapeLeft UIInterfaceOrientationLandscapeRight";
				INFOPLIST_KEY_UISupportedInterfaceOrientations_iPhone = "UIInterfaceOrientationPortrait UIInterfaceOrientationLandscapeLeft UIInterfaceOrientationLandscapeRight";
				LD_RUNPATH_SEARCH_PATHS = (
					"$(inherited)",
					"@executable_path/Frameworks",
				);
				MARKETING_VERSION = 1.0;
				PRODUCT_BUNDLE_IDENTIFIER = com.longvo.GroceriesShopApp;
				PRODUCT_NAME = "$(TARGET_NAME)";
				SWIFT_EMIT_LOC_STRINGS = YES;
				SWIFT_VERSION = 5.0;
				TARGETED_DEVICE_FAMILY = "1,2";
			};
			name = Release;
		};
		04F89E5E2CA519F600C14C5F /* Debug */ = {
			isa = XCBuildConfiguration;
			buildSettings = {
				ALWAYS_EMBED_SWIFT_STANDARD_LIBRARIES = YES;
				BUNDLE_LOADER = "$(TEST_HOST)";
				CODE_SIGN_STYLE = Automatic;
				CURRENT_PROJECT_VERSION = 1;
				DEVELOPMENT_TEAM = 7D4KB9688V;
				GENERATE_INFOPLIST_FILE = YES;
				IPHONEOS_DEPLOYMENT_TARGET = 17.0;
				MARKETING_VERSION = 1.0;
				PRODUCT_BUNDLE_IDENTIFIER = com.longvo.GroceriesShopAppTests;
				PRODUCT_NAME = "$(TARGET_NAME)";
				SWIFT_EMIT_LOC_STRINGS = NO;
				SWIFT_VERSION = 5.0;
				TARGETED_DEVICE_FAMILY = "1,2";
				TEST_HOST = "$(BUILT_PRODUCTS_DIR)/GroceriesShopApp.app/$(BUNDLE_EXECUTABLE_FOLDER_PATH)/GroceriesShopApp";
			};
			name = Debug;
		};
		04F89E5F2CA519F600C14C5F /* Release */ = {
			isa = XCBuildConfiguration;
			buildSettings = {
				ALWAYS_EMBED_SWIFT_STANDARD_LIBRARIES = YES;
				BUNDLE_LOADER = "$(TEST_HOST)";
				CODE_SIGN_STYLE = Automatic;
				CURRENT_PROJECT_VERSION = 1;
				DEVELOPMENT_TEAM = 7D4KB9688V;
				GENERATE_INFOPLIST_FILE = YES;
				IPHONEOS_DEPLOYMENT_TARGET = 17.0;
				MARKETING_VERSION = 1.0;
				PRODUCT_BUNDLE_IDENTIFIER = com.longvo.GroceriesShopAppTests;
				PRODUCT_NAME = "$(TARGET_NAME)";
				SWIFT_EMIT_LOC_STRINGS = NO;
				SWIFT_VERSION = 5.0;
				TARGETED_DEVICE_FAMILY = "1,2";
				TEST_HOST = "$(BUILT_PRODUCTS_DIR)/GroceriesShopApp.app/$(BUNDLE_EXECUTABLE_FOLDER_PATH)/GroceriesShopApp";
			};
			name = Release;
		};
		04F89E612CA519F600C14C5F /* Debug */ = {
			isa = XCBuildConfiguration;
			buildSettings = {
				ALWAYS_EMBED_SWIFT_STANDARD_LIBRARIES = YES;
				CODE_SIGN_STYLE = Automatic;
				CURRENT_PROJECT_VERSION = 1;
				DEVELOPMENT_TEAM = 7D4KB9688V;
				GENERATE_INFOPLIST_FILE = YES;
				MARKETING_VERSION = 1.0;
				PRODUCT_BUNDLE_IDENTIFIER = com.longvo.GroceriesShopAppUITests;
				PRODUCT_NAME = "$(TARGET_NAME)";
				SWIFT_EMIT_LOC_STRINGS = NO;
				SWIFT_VERSION = 5.0;
				TARGETED_DEVICE_FAMILY = "1,2";
				TEST_TARGET_NAME = GroceriesShopApp;
			};
			name = Debug;
		};
		04F89E622CA519F600C14C5F /* Release */ = {
			isa = XCBuildConfiguration;
			buildSettings = {
				ALWAYS_EMBED_SWIFT_STANDARD_LIBRARIES = YES;
				CODE_SIGN_STYLE = Automatic;
				CURRENT_PROJECT_VERSION = 1;
				DEVELOPMENT_TEAM = 7D4KB9688V;
				GENERATE_INFOPLIST_FILE = YES;
				MARKETING_VERSION = 1.0;
				PRODUCT_BUNDLE_IDENTIFIER = com.longvo.GroceriesShopAppUITests;
				PRODUCT_NAME = "$(TARGET_NAME)";
				SWIFT_EMIT_LOC_STRINGS = NO;
				SWIFT_VERSION = 5.0;
				TARGETED_DEVICE_FAMILY = "1,2";
				TEST_TARGET_NAME = GroceriesShopApp;
			};
			name = Release;
		};
/* End XCBuildConfiguration section */

/* Begin XCConfigurationList section */
		04F89E312CA519F400C14C5F /* Build configuration list for PBXProject "GroceriesShopApp" */ = {
			isa = XCConfigurationList;
			buildConfigurations = (
				04F89E582CA519F600C14C5F /* Debug */,
				04F89E592CA519F600C14C5F /* Release */,
			);
			defaultConfigurationIsVisible = 0;
			defaultConfigurationName = Release;
		};
		04F89E5A2CA519F600C14C5F /* Build configuration list for PBXNativeTarget "GroceriesShopApp" */ = {
			isa = XCConfigurationList;
			buildConfigurations = (
				04F89E5B2CA519F600C14C5F /* Debug */,
				04F89E5C2CA519F600C14C5F /* Release */,
			);
			defaultConfigurationIsVisible = 0;
			defaultConfigurationName = Release;
		};
		04F89E5D2CA519F600C14C5F /* Build configuration list for PBXNativeTarget "GroceriesShopAppTests" */ = {
			isa = XCConfigurationList;
			buildConfigurations = (
				04F89E5E2CA519F600C14C5F /* Debug */,
				04F89E5F2CA519F600C14C5F /* Release */,
			);
			defaultConfigurationIsVisible = 0;
			defaultConfigurationName = Release;
		};
		04F89E602CA519F600C14C5F /* Build configuration list for PBXNativeTarget "GroceriesShopAppUITests" */ = {
			isa = XCConfigurationList;
			buildConfigurations = (
				04F89E612CA519F600C14C5F /* Debug */,
				04F89E622CA519F600C14C5F /* Release */,
			);
			defaultConfigurationIsVisible = 0;
			defaultConfigurationName = Release;
		};
/* End XCConfigurationList section */
	};
	rootObject = 04F89E2E2CA519F400C14C5F /* Project object */;
}
